// !$*UTF8*$!
{
	archiveVersion = 1;
	classes = {
	};
	objectVersion = 46;
	objects = {

/* Begin PBXBuildFile section */
		B765D525172E5C0A00973238 /* UIKit.framework in Frameworks */ = {isa = PBXBuildFile; fileRef = B765D524172E5C0A00973238 /* UIKit.framework */; };
		B765D527172E5C0A00973238 /* Foundation.framework in Frameworks */ = {isa = PBXBuildFile; fileRef = B765D526172E5C0A00973238 /* Foundation.framework */; };
		B765D529172E5C0A00973238 /* CoreGraphics.framework in Frameworks */ = {isa = PBXBuildFile; fileRef = B765D528172E5C0A00973238 /* CoreGraphics.framework */; };
		B765D52F172E5C0A00973238 /* InfoPlist.strings in Resources */ = {isa = PBXBuildFile; fileRef = B765D52D172E5C0A00973238 /* InfoPlist.strings */; };
		B765D531172E5C0A00973238 /* main.m in Sources */ = {isa = PBXBuildFile; fileRef = B765D530172E5C0A00973238 /* main.m */; };
		B765D535172E5C0A00973238 /* pravdaAppDelegate.m in Sources */ = {isa = PBXBuildFile; fileRef = B765D534172E5C0A00973238 /* pravdaAppDelegate.m */; };
		B765D537172E5C0A00973238 /* Default.png in Resources */ = {isa = PBXBuildFile; fileRef = B765D536172E5C0A00973238 /* Default.png */; };
		B765D539172E5C0A00973238 /* Default@2x.png in Resources */ = {isa = PBXBuildFile; fileRef = B765D538172E5C0A00973238 /* Default@2x.png */; };
		B765D53B172E5C0A00973238 /* Default-568h@2x.png in Resources */ = {isa = PBXBuildFile; fileRef = B765D53A172E5C0A00973238 /* Default-568h@2x.png */; };
		B765D53E172E5C0A00973238 /* MainStoryboard.storyboard in Resources */ = {isa = PBXBuildFile; fileRef = B765D53C172E5C0A00973238 /* MainStoryboard.storyboard */; };
		B765D541172E5C0A00973238 /* pravdaViewController.m in Sources */ = {isa = PBXBuildFile; fileRef = B765D540172E5C0A00973238 /* pravdaViewController.m */; };
		B765D54B172E6D7200973238 /* MyCustomCell.m in Sources */ = {isa = PBXBuildFile; fileRef = B765D54A172E6D7200973238 /* MyCustomCell.m */; };
		D90B2004172F0319000A1466 /* DetailViewController.m in Sources */ = {isa = PBXBuildFile; fileRef = D90B2003172F0319000A1466 /* DetailViewController.m */; };
		D9150B1418EFE57C00855BC0 /* AFHTTPRequestOperation.m in Sources */ = {isa = PBXBuildFile; fileRef = D9150AF018EFE57C00855BC0 /* AFHTTPRequestOperation.m */; };
		D9150B1518EFE57C00855BC0 /* AFHTTPRequestOperationManager.m in Sources */ = {isa = PBXBuildFile; fileRef = D9150AF218EFE57C00855BC0 /* AFHTTPRequestOperationManager.m */; };
		D9150B1618EFE57C00855BC0 /* AFHTTPSessionManager.m in Sources */ = {isa = PBXBuildFile; fileRef = D9150AF418EFE57C00855BC0 /* AFHTTPSessionManager.m */; };
		D9150B1718EFE57C00855BC0 /* AFNetworkReachabilityManager.m in Sources */ = {isa = PBXBuildFile; fileRef = D9150AF718EFE57C00855BC0 /* AFNetworkReachabilityManager.m */; };
		D9150B1918EFE57C00855BC0 /* AFURLConnectionOperation.m in Sources */ = {isa = PBXBuildFile; fileRef = D9150AFB18EFE57C00855BC0 /* AFURLConnectionOperation.m */; };
		D9150B1A18EFE57C00855BC0 /* AFURLRequestSerialization.m in Sources */ = {isa = PBXBuildFile; fileRef = D9150AFD18EFE57C00855BC0 /* AFURLRequestSerialization.m */; };
		D9150B1B18EFE57C00855BC0 /* AFURLResponseSerialization.m in Sources */ = {isa = PBXBuildFile; fileRef = D9150AFF18EFE57C00855BC0 /* AFURLResponseSerialization.m */; };
		D9150B1C18EFE57C00855BC0 /* AFURLSessionManager.m in Sources */ = {isa = PBXBuildFile; fileRef = D9150B0118EFE57C00855BC0 /* AFURLSessionManager.m */; };
		D9150B1D18EFE57C00855BC0 /* AFNetworkActivityIndicatorManager.m in Sources */ = {isa = PBXBuildFile; fileRef = D9150B0418EFE57C00855BC0 /* AFNetworkActivityIndicatorManager.m */; };
		D9150B1E18EFE57C00855BC0 /* UIActivityIndicatorView+AFNetworking.m in Sources */ = {isa = PBXBuildFile; fileRef = D9150B0618EFE57C00855BC0 /* UIActivityIndicatorView+AFNetworking.m */; };
		D9150B1F18EFE57C00855BC0 /* UIAlertView+AFNetworking.m in Sources */ = {isa = PBXBuildFile; fileRef = D9150B0818EFE57C00855BC0 /* UIAlertView+AFNetworking.m */; };
		D9150B2018EFE57C00855BC0 /* UIButton+AFNetworking.m in Sources */ = {isa = PBXBuildFile; fileRef = D9150B0A18EFE57C00855BC0 /* UIButton+AFNetworking.m */; };
		D9150B2118EFE57C00855BC0 /* UIImageView+AFNetworking.m in Sources */ = {isa = PBXBuildFile; fileRef = D9150B0C18EFE57C00855BC0 /* UIImageView+AFNetworking.m */; };
		D9150B2218EFE57C00855BC0 /* UIProgressView+AFNetworking.m in Sources */ = {isa = PBXBuildFile; fileRef = D9150B0F18EFE57C00855BC0 /* UIProgressView+AFNetworking.m */; };
		D9150B2318EFE57C00855BC0 /* UIRefreshControl+AFNetworking.m in Sources */ = {isa = PBXBuildFile; fileRef = D9150B1118EFE57C00855BC0 /* UIRefreshControl+AFNetworking.m */; };
		D9150B2418EFE57C00855BC0 /* UIWebView+AFNetworking.m in Sources */ = {isa = PBXBuildFile; fileRef = D9150B1318EFE57C00855BC0 /* UIWebView+AFNetworking.m */; };
		D9150B2718EFE81800855BC0 /* AFSecurityPolicy.m in Sources */ = {isa = PBXBuildFile; fileRef = D9150AF918EFE57C00855BC0 /* AFSecurityPolicy.m */; };
		D9150B2918EFE86900855BC0 /* Security.framework in Frameworks */ = {isa = PBXBuildFile; fileRef = D9150B2818EFE86900855BC0 /* Security.framework */; };
		D9189A9518EB41E9009BD565 /* Images.xcassets in Resources */ = {isa = PBXBuildFile; fileRef = D9189A9418EB41E9009BD565 /* Images.xcassets */; };
		D9189A9818EB421A009BD565 /* pravda.png in Resources */ = {isa = PBXBuildFile; fileRef = D9189A9618EB421A009BD565 /* pravda.png */; };
		D9189A9918EB421A009BD565 /* pravda@2x.png in Resources */ = {isa = PBXBuildFile; fileRef = D9189A9718EB421A009BD565 /* pravda@2x.png */; };
		D9189A9C18EB435A009BD565 /* pravda_spotlight.png in Resources */ = {isa = PBXBuildFile; fileRef = D9189A9A18EB435A009BD565 /* pravda_spotlight.png */; };
		D9189A9D18EB435A009BD565 /* pravda_spotlight@2x.png in Resources */ = {isa = PBXBuildFile; fileRef = D9189A9B18EB435A009BD565 /* pravda_spotlight@2x.png */; };
		D9189AA318EB4484009BD565 /* pravda_ios7@2x.png in Resources */ = {isa = PBXBuildFile; fileRef = D9189AA218EB4484009BD565 /* pravda_ios7@2x.png */; };
		D9189AA518EB44AF009BD565 /* pravda_spotlight_ios7.png in Resources */ = {isa = PBXBuildFile; fileRef = D9189AA418EB44AF009BD565 /* pravda_spotlight_ios7.png */; };
		D9189AA818EB4566009BD565 /* pravda_icon.png in Resources */ = {isa = PBXBuildFile; fileRef = D9189AA618EB4566009BD565 /* pravda_icon.png */; };
		D9189AA918EB4566009BD565 /* pravda_icon@2x.png in Resources */ = {isa = PBXBuildFile; fileRef = D9189AA718EB4566009BD565 /* pravda_icon@2x.png */; };
		D9189AAB18EB47F0009BD565 /* LunchImageIphone5.png in Resources */ = {isa = PBXBuildFile; fileRef = D9189AAA18EB47F0009BD565 /* LunchImageIphone5.png */; };
		D93E569F1733CE48006BE11B /* SystemConfiguration.framework in Frameworks */ = {isa = PBXBuildFile; fileRef = D93E569E1733CE48006BE11B /* SystemConfiguration.framework */; };
		D93E56A11733CE5A006BE11B /* MobileCoreServices.framework in Frameworks */ = {isa = PBXBuildFile; fileRef = D93E56A01733CE5A006BE11B /* MobileCoreServices.framework */; };
		D950458118F0082100F280F7 /* GTMNSString+HTML.m in Sources */ = {isa = PBXBuildFile; fileRef = D950457E18F0082100F280F7 /* GTMNSString+HTML.m */; };
		D950458218F0082100F280F7 /* NSString+HTML.m in Sources */ = {isa = PBXBuildFile; fileRef = D950458018F0082100F280F7 /* NSString+HTML.m */; };
		D950461618F0186200F280F7 /* MessageUI.framework in Frameworks */ = {isa = PBXBuildFile; fileRef = D950461518F0186200F280F7 /* MessageUI.framework */; };
		D950461818F0187900F280F7 /* AssetsLibrary.framework in Frameworks */ = {isa = PBXBuildFile; fileRef = D950461718F0187900F280F7 /* AssetsLibrary.framework */; };
		D950461A18F0188200F280F7 /* ImageIO.framework in Frameworks */ = {isa = PBXBuildFile; fileRef = D950461918F0188200F280F7 /* ImageIO.framework */; };
		D950471A18F01D5400F280F7 /* MWCaptionView.m in Sources */ = {isa = PBXBuildFile; fileRef = D95046BB18F01D5400F280F7 /* MWCaptionView.m */; };
		D950471B18F01D5400F280F7 /* MWGridCell.m in Sources */ = {isa = PBXBuildFile; fileRef = D95046BE18F01D5400F280F7 /* MWGridCell.m */; };
		D950471C18F01D5400F280F7 /* MWGridViewController.m in Sources */ = {isa = PBXBuildFile; fileRef = D95046C018F01D5400F280F7 /* MWGridViewController.m */; };
		D950471D18F01D5400F280F7 /* MWPhoto.m in Sources */ = {isa = PBXBuildFile; fileRef = D95046C218F01D5400F280F7 /* MWPhoto.m */; };
		D950471E18F01D5400F280F7 /* MWPhotoBrowser.m in Sources */ = {isa = PBXBuildFile; fileRef = D95046C418F01D5400F280F7 /* MWPhotoBrowser.m */; };
		D950471F18F01D5400F280F7 /* MWTapDetectingImageView.m in Sources */ = {isa = PBXBuildFile; fileRef = D95046C818F01D5400F280F7 /* MWTapDetectingImageView.m */; };
		D950472018F01D5400F280F7 /* MWTapDetectingView.m in Sources */ = {isa = PBXBuildFile; fileRef = D95046CA18F01D5400F280F7 /* MWTapDetectingView.m */; };
		D950472118F01D5400F280F7 /* MWZoomingScrollView.m in Sources */ = {isa = PBXBuildFile; fileRef = D95046CC18F01D5400F280F7 /* MWZoomingScrollView.m */; };
		D950472218F01D5400F280F7 /* DACircularProgressView.m in Sources */ = {isa = PBXBuildFile; fileRef = D95046D018F01D5400F280F7 /* DACircularProgressView.m */; };
		D950472318F01D5400F280F7 /* MBProgressHUD.m in Sources */ = {isa = PBXBuildFile; fileRef = D95046D318F01D5400F280F7 /* MBProgressHUD.m */; };
		D950472418F01D5400F280F7 /* README.mdown in Resources */ = {isa = PBXBuildFile; fileRef = D95046D418F01D5400F280F7 /* README.mdown */; };
		D950472518F01D5400F280F7 /* NSIndexPath+PSTCollectionViewAdditions.m in Sources */ = {isa = PBXBuildFile; fileRef = D95046D718F01D5400F280F7 /* NSIndexPath+PSTCollectionViewAdditions.m */; };
		D950472618F01D5400F280F7 /* PSTCollectionView.m in Sources */ = {isa = PBXBuildFile; fileRef = D95046D918F01D5400F280F7 /* PSTCollectionView.m */; };
		D950472718F01D5400F280F7 /* PSTCollectionViewCell.m in Sources */ = {isa = PBXBuildFile; fileRef = D95046DB18F01D5400F280F7 /* PSTCollectionViewCell.m */; };
		D950472818F01D5400F280F7 /* PSTCollectionViewController.m in Sources */ = {isa = PBXBuildFile; fileRef = D95046DE18F01D5400F280F7 /* PSTCollectionViewController.m */; };
		D950472918F01D5400F280F7 /* PSTCollectionViewData.m in Sources */ = {isa = PBXBuildFile; fileRef = D95046E018F01D5400F280F7 /* PSTCollectionViewData.m */; };
		D950472A18F01D5400F280F7 /* PSTCollectionViewFlowLayout.m in Sources */ = {isa = PBXBuildFile; fileRef = D95046E218F01D5400F280F7 /* PSTCollectionViewFlowLayout.m */; };
		D950472B18F01D5400F280F7 /* PSTCollectionViewItemKey.m in Sources */ = {isa = PBXBuildFile; fileRef = D95046E418F01D5400F280F7 /* PSTCollectionViewItemKey.m */; };
		D950472C18F01D5400F280F7 /* PSTCollectionViewLayout.m in Sources */ = {isa = PBXBuildFile; fileRef = D95046E718F01D5400F280F7 /* PSTCollectionViewLayout.m */; };
		D950472D18F01D5400F280F7 /* PSTCollectionViewUpdateItem.m in Sources */ = {isa = PBXBuildFile; fileRef = D95046E918F01D5400F280F7 /* PSTCollectionViewUpdateItem.m */; };
		D950472E18F01D5400F280F7 /* PSTGridLayoutInfo.m in Sources */ = {isa = PBXBuildFile; fileRef = D95046EB18F01D5400F280F7 /* PSTGridLayoutInfo.m */; };
		D950472F18F01D5400F280F7 /* PSTGridLayoutItem.m in Sources */ = {isa = PBXBuildFile; fileRef = D95046ED18F01D5400F280F7 /* PSTGridLayoutItem.m */; };
		D950473018F01D5400F280F7 /* PSTGridLayoutRow.m in Sources */ = {isa = PBXBuildFile; fileRef = D95046EF18F01D5400F280F7 /* PSTGridLayoutRow.m */; };
		D950473118F01D5400F280F7 /* PSTGridLayoutSection.m in Sources */ = {isa = PBXBuildFile; fileRef = D95046F118F01D5400F280F7 /* PSTGridLayoutSection.m */; };
		D950473218F01D5400F280F7 /* LICENSE in Resources */ = {isa = PBXBuildFile; fileRef = D95046F318F01D5400F280F7 /* LICENSE */; };
		D950473318F01D5400F280F7 /* README.md in Resources */ = {isa = PBXBuildFile; fileRef = D95046F418F01D5400F280F7 /* README.md */; };
		D950473418F01D5400F280F7 /* MKAnnotationView+WebCache.m in Sources */ = {isa = PBXBuildFile; fileRef = D95046F718F01D5400F280F7 /* MKAnnotationView+WebCache.m */; };
		D950473518F01D5400F280F7 /* NSData+GIF.m in Sources */ = {isa = PBXBuildFile; fileRef = D95046F918F01D5400F280F7 /* NSData+GIF.m */; };
		D950473618F01D5400F280F7 /* NSData+ImageContentType.m in Sources */ = {isa = PBXBuildFile; fileRef = D95046FB18F01D5400F280F7 /* NSData+ImageContentType.m */; };
		D950473718F01D5400F280F7 /* SDImageCache.m in Sources */ = {isa = PBXBuildFile; fileRef = D95046FD18F01D5400F280F7 /* SDImageCache.m */; };
		D950473818F01D5400F280F7 /* SDWebImageCompat.m in Sources */ = {isa = PBXBuildFile; fileRef = D95046FF18F01D5400F280F7 /* SDWebImageCompat.m */; };
		D950473918F01D5400F280F7 /* SDWebImageDecoder.m in Sources */ = {isa = PBXBuildFile; fileRef = D950470118F01D5400F280F7 /* SDWebImageDecoder.m */; };
		D950473A18F01D5400F280F7 /* SDWebImageDownloader.m in Sources */ = {isa = PBXBuildFile; fileRef = D950470318F01D5400F280F7 /* SDWebImageDownloader.m */; };
		D950473B18F01D5400F280F7 /* SDWebImageDownloaderOperation.m in Sources */ = {isa = PBXBuildFile; fileRef = D950470518F01D5400F280F7 /* SDWebImageDownloaderOperation.m */; };
		D950473C18F01D5400F280F7 /* SDWebImageManager.m in Sources */ = {isa = PBXBuildFile; fileRef = D950470718F01D5400F280F7 /* SDWebImageManager.m */; };
		D950473D18F01D5400F280F7 /* SDWebImagePrefetcher.m in Sources */ = {isa = PBXBuildFile; fileRef = D950470A18F01D5400F280F7 /* SDWebImagePrefetcher.m */; };
		D950473E18F01D5400F280F7 /* UIButton+WebCache.m in Sources */ = {isa = PBXBuildFile; fileRef = D950470C18F01D5400F280F7 /* UIButton+WebCache.m */; };
		D950473F18F01D5400F280F7 /* UIImage+GIF.m in Sources */ = {isa = PBXBuildFile; fileRef = D950470E18F01D5400F280F7 /* UIImage+GIF.m */; };
		D950474018F01D5400F280F7 /* UIImage+MultiFormat.m in Sources */ = {isa = PBXBuildFile; fileRef = D950471018F01D5400F280F7 /* UIImage+MultiFormat.m */; };
		D950474118F01D5400F280F7 /* UIImage+WebP.m in Sources */ = {isa = PBXBuildFile; fileRef = D950471218F01D5400F280F7 /* UIImage+WebP.m */; };
		D950474218F01D5400F280F7 /* UIImageView+WebCache.m in Sources */ = {isa = PBXBuildFile; fileRef = D950471418F01D5400F280F7 /* UIImageView+WebCache.m */; };
		D950474318F01D5400F280F7 /* MWPhotoBrowser.bundle in Resources */ = {isa = PBXBuildFile; fileRef = D950471618F01D5400F280F7 /* MWPhotoBrowser.bundle */; };
		D950474818F01D7900F280F7 /* MapKit.framework in Frameworks */ = {isa = PBXBuildFile; fileRef = D950474718F01D7900F280F7 /* MapKit.framework */; };
		D96CDCD318E9F0A9006B1617 /* RSSItem.m in Sources */ = {isa = PBXBuildFile; fileRef = D96CDCD018E9F0A9006B1617 /* RSSItem.m */; };
		D96CDCD418E9F0A9006B1617 /* RSSParser.m in Sources */ = {isa = PBXBuildFile; fileRef = D96CDCD218E9F0A9006B1617 /* RSSParser.m */; };
		D975CC1518F47ABF005879E5 /* API.m in Sources */ = {isa = PBXBuildFile; fileRef = D975CC1418F47ABF005879E5 /* API.m */; };
		D987077B18EA814100B2CC72 /* QuartzCore.framework in Frameworks */ = {isa = PBXBuildFile; fileRef = D987077A18EA814100B2CC72 /* QuartzCore.framework */; };
		D9D4FBD618F181E300F0DE50 /* SWRevealViewController.m in Sources */ = {isa = PBXBuildFile; fileRef = D9D4FBD518F181E300F0DE50 /* SWRevealViewController.m */; };
		D9D4FBD918F1823600F0DE50 /* MenuTableViewController.m in Sources */ = {isa = PBXBuildFile; fileRef = D9D4FBD818F1823600F0DE50 /* MenuTableViewController.m */; };
/* End PBXBuildFile section */

/* Begin PBXContainerItemProxy section */
		D950474518F01D5400F280F7 /* PBXContainerItemProxy */ = {
			isa = PBXContainerItemProxy;
			containerPortal = D950471718F01D5400F280F7 /* MWPhotoBrowser.xcodeproj */;
			proxyType = 2;
			remoteGlobalIDString = 4C6F96C414AF704100F8389A;
			remoteInfo = MWPhotoBrowser;
		};
/* End PBXContainerItemProxy section */

/* Begin PBXFileReference section */
		B765D521172E5C0A00973238 /* Правда.if.ua.app */ = {isa = PBXFileReference; explicitFileType = wrapper.application; includeInIndex = 0; path = "Правда.if.ua.app"; sourceTree = BUILT_PRODUCTS_DIR; };
		B765D524172E5C0A00973238 /* UIKit.framework */ = {isa = PBXFileReference; lastKnownFileType = wrapper.framework; name = UIKit.framework; path = System/Library/Frameworks/UIKit.framework; sourceTree = SDKROOT; };
		B765D526172E5C0A00973238 /* Foundation.framework */ = {isa = PBXFileReference; lastKnownFileType = wrapper.framework; name = Foundation.framework; path = System/Library/Frameworks/Foundation.framework; sourceTree = SDKROOT; };
		B765D528172E5C0A00973238 /* CoreGraphics.framework */ = {isa = PBXFileReference; lastKnownFileType = wrapper.framework; name = CoreGraphics.framework; path = System/Library/Frameworks/CoreGraphics.framework; sourceTree = SDKROOT; };
		B765D52C172E5C0A00973238 /* pravda.if.ua-Info.plist */ = {isa = PBXFileReference; lastKnownFileType = text.plist.xml; path = "pravda.if.ua-Info.plist"; sourceTree = "<group>"; };
		B765D52E172E5C0A00973238 /* en */ = {isa = PBXFileReference; lastKnownFileType = text.plist.strings; name = en; path = en.lproj/InfoPlist.strings; sourceTree = "<group>"; };
		B765D530172E5C0A00973238 /* main.m */ = {isa = PBXFileReference; lastKnownFileType = sourcecode.c.objc; path = main.m; sourceTree = "<group>"; };
		B765D532172E5C0A00973238 /* pravda.if.ua-Prefix.pch */ = {isa = PBXFileReference; lastKnownFileType = sourcecode.c.h; path = "pravda.if.ua-Prefix.pch"; sourceTree = "<group>"; };
		B765D533172E5C0A00973238 /* pravdaAppDelegate.h */ = {isa = PBXFileReference; lastKnownFileType = sourcecode.c.h; path = pravdaAppDelegate.h; sourceTree = "<group>"; };
		B765D534172E5C0A00973238 /* pravdaAppDelegate.m */ = {isa = PBXFileReference; lastKnownFileType = sourcecode.c.objc; path = pravdaAppDelegate.m; sourceTree = "<group>"; };
		B765D536172E5C0A00973238 /* Default.png */ = {isa = PBXFileReference; lastKnownFileType = image.png; path = Default.png; sourceTree = "<group>"; };
		B765D538172E5C0A00973238 /* Default@2x.png */ = {isa = PBXFileReference; lastKnownFileType = image.png; path = "Default@2x.png"; sourceTree = "<group>"; };
		B765D53A172E5C0A00973238 /* Default-568h@2x.png */ = {isa = PBXFileReference; lastKnownFileType = image.png; path = "Default-568h@2x.png"; sourceTree = "<group>"; };
		B765D53D172E5C0A00973238 /* en */ = {isa = PBXFileReference; lastKnownFileType = file.storyboard; name = en; path = en.lproj/MainStoryboard.storyboard; sourceTree = "<group>"; };
		B765D53F172E5C0A00973238 /* pravdaViewController.h */ = {isa = PBXFileReference; lastKnownFileType = sourcecode.c.h; path = pravdaViewController.h; sourceTree = "<group>"; };
		B765D540172E5C0A00973238 /* pravdaViewController.m */ = {isa = PBXFileReference; lastKnownFileType = sourcecode.c.objc; path = pravdaViewController.m; sourceTree = "<group>"; };
		B765D549172E6D7200973238 /* MyCustomCell.h */ = {isa = PBXFileReference; fileEncoding = 4; lastKnownFileType = sourcecode.c.h; path = MyCustomCell.h; sourceTree = "<group>"; };
		B765D54A172E6D7200973238 /* MyCustomCell.m */ = {isa = PBXFileReference; fileEncoding = 4; lastKnownFileType = sourcecode.c.objc; path = MyCustomCell.m; sourceTree = "<group>"; };
		D90B2002172F0319000A1466 /* DetailViewController.h */ = {isa = PBXFileReference; fileEncoding = 4; lastKnownFileType = sourcecode.c.h; path = DetailViewController.h; sourceTree = "<group>"; };
		D90B2003172F0319000A1466 /* DetailViewController.m */ = {isa = PBXFileReference; fileEncoding = 4; lastKnownFileType = sourcecode.c.objc; path = DetailViewController.m; sourceTree = "<group>"; };
		D9150AEF18EFE57C00855BC0 /* AFHTTPRequestOperation.h */ = {isa = PBXFileReference; fileEncoding = 4; lastKnownFileType = sourcecode.c.h; path = AFHTTPRequestOperation.h; sourceTree = "<group>"; };
		D9150AF018EFE57C00855BC0 /* AFHTTPRequestOperation.m */ = {isa = PBXFileReference; fileEncoding = 4; lastKnownFileType = sourcecode.c.objc; path = AFHTTPRequestOperation.m; sourceTree = "<group>"; };
		D9150AF118EFE57C00855BC0 /* AFHTTPRequestOperationManager.h */ = {isa = PBXFileReference; fileEncoding = 4; lastKnownFileType = sourcecode.c.h; path = AFHTTPRequestOperationManager.h; sourceTree = "<group>"; };
		D9150AF218EFE57C00855BC0 /* AFHTTPRequestOperationManager.m */ = {isa = PBXFileReference; fileEncoding = 4; lastKnownFileType = sourcecode.c.objc; path = AFHTTPRequestOperationManager.m; sourceTree = "<group>"; };
		D9150AF318EFE57C00855BC0 /* AFHTTPSessionManager.h */ = {isa = PBXFileReference; fileEncoding = 4; lastKnownFileType = sourcecode.c.h; path = AFHTTPSessionManager.h; sourceTree = "<group>"; };
		D9150AF418EFE57C00855BC0 /* AFHTTPSessionManager.m */ = {isa = PBXFileReference; fileEncoding = 4; lastKnownFileType = sourcecode.c.objc; path = AFHTTPSessionManager.m; sourceTree = "<group>"; };
		D9150AF518EFE57C00855BC0 /* AFNetworking.h */ = {isa = PBXFileReference; fileEncoding = 4; lastKnownFileType = sourcecode.c.h; path = AFNetworking.h; sourceTree = "<group>"; };
		D9150AF618EFE57C00855BC0 /* AFNetworkReachabilityManager.h */ = {isa = PBXFileReference; fileEncoding = 4; lastKnownFileType = sourcecode.c.h; path = AFNetworkReachabilityManager.h; sourceTree = "<group>"; };
		D9150AF718EFE57C00855BC0 /* AFNetworkReachabilityManager.m */ = {isa = PBXFileReference; fileEncoding = 4; lastKnownFileType = sourcecode.c.objc; path = AFNetworkReachabilityManager.m; sourceTree = "<group>"; };
		D9150AF818EFE57C00855BC0 /* AFSecurityPolicy.h */ = {isa = PBXFileReference; fileEncoding = 4; lastKnownFileType = sourcecode.c.h; path = AFSecurityPolicy.h; sourceTree = "<group>"; };
		D9150AF918EFE57C00855BC0 /* AFSecurityPolicy.m */ = {isa = PBXFileReference; fileEncoding = 4; lastKnownFileType = sourcecode.c.objc; path = AFSecurityPolicy.m; sourceTree = "<group>"; };
		D9150AFA18EFE57C00855BC0 /* AFURLConnectionOperation.h */ = {isa = PBXFileReference; fileEncoding = 4; lastKnownFileType = sourcecode.c.h; path = AFURLConnectionOperation.h; sourceTree = "<group>"; };
		D9150AFB18EFE57C00855BC0 /* AFURLConnectionOperation.m */ = {isa = PBXFileReference; fileEncoding = 4; lastKnownFileType = sourcecode.c.objc; path = AFURLConnectionOperation.m; sourceTree = "<group>"; };
		D9150AFC18EFE57C00855BC0 /* AFURLRequestSerialization.h */ = {isa = PBXFileReference; fileEncoding = 4; lastKnownFileType = sourcecode.c.h; path = AFURLRequestSerialization.h; sourceTree = "<group>"; };
		D9150AFD18EFE57C00855BC0 /* AFURLRequestSerialization.m */ = {isa = PBXFileReference; fileEncoding = 4; lastKnownFileType = sourcecode.c.objc; path = AFURLRequestSerialization.m; sourceTree = "<group>"; };
		D9150AFE18EFE57C00855BC0 /* AFURLResponseSerialization.h */ = {isa = PBXFileReference; fileEncoding = 4; lastKnownFileType = sourcecode.c.h; path = AFURLResponseSerialization.h; sourceTree = "<group>"; };
		D9150AFF18EFE57C00855BC0 /* AFURLResponseSerialization.m */ = {isa = PBXFileReference; fileEncoding = 4; lastKnownFileType = sourcecode.c.objc; path = AFURLResponseSerialization.m; sourceTree = "<group>"; };
		D9150B0018EFE57C00855BC0 /* AFURLSessionManager.h */ = {isa = PBXFileReference; fileEncoding = 4; lastKnownFileType = sourcecode.c.h; path = AFURLSessionManager.h; sourceTree = "<group>"; };
		D9150B0118EFE57C00855BC0 /* AFURLSessionManager.m */ = {isa = PBXFileReference; fileEncoding = 4; lastKnownFileType = sourcecode.c.objc; path = AFURLSessionManager.m; sourceTree = "<group>"; };
		D9150B0318EFE57C00855BC0 /* AFNetworkActivityIndicatorManager.h */ = {isa = PBXFileReference; fileEncoding = 4; lastKnownFileType = sourcecode.c.h; path = AFNetworkActivityIndicatorManager.h; sourceTree = "<group>"; };
		D9150B0418EFE57C00855BC0 /* AFNetworkActivityIndicatorManager.m */ = {isa = PBXFileReference; fileEncoding = 4; lastKnownFileType = sourcecode.c.objc; path = AFNetworkActivityIndicatorManager.m; sourceTree = "<group>"; };
		D9150B0518EFE57C00855BC0 /* UIActivityIndicatorView+AFNetworking.h */ = {isa = PBXFileReference; fileEncoding = 4; lastKnownFileType = sourcecode.c.h; path = "UIActivityIndicatorView+AFNetworking.h"; sourceTree = "<group>"; };
		D9150B0618EFE57C00855BC0 /* UIActivityIndicatorView+AFNetworking.m */ = {isa = PBXFileReference; fileEncoding = 4; lastKnownFileType = sourcecode.c.objc; path = "UIActivityIndicatorView+AFNetworking.m"; sourceTree = "<group>"; };
		D9150B0718EFE57C00855BC0 /* UIAlertView+AFNetworking.h */ = {isa = PBXFileReference; fileEncoding = 4; lastKnownFileType = sourcecode.c.h; path = "UIAlertView+AFNetworking.h"; sourceTree = "<group>"; };
		D9150B0818EFE57C00855BC0 /* UIAlertView+AFNetworking.m */ = {isa = PBXFileReference; fileEncoding = 4; lastKnownFileType = sourcecode.c.objc; path = "UIAlertView+AFNetworking.m"; sourceTree = "<group>"; };
		D9150B0918EFE57C00855BC0 /* UIButton+AFNetworking.h */ = {isa = PBXFileReference; fileEncoding = 4; lastKnownFileType = sourcecode.c.h; path = "UIButton+AFNetworking.h"; sourceTree = "<group>"; };
		D9150B0A18EFE57C00855BC0 /* UIButton+AFNetworking.m */ = {isa = PBXFileReference; fileEncoding = 4; lastKnownFileType = sourcecode.c.objc; path = "UIButton+AFNetworking.m"; sourceTree = "<group>"; };
		D9150B0B18EFE57C00855BC0 /* UIImageView+AFNetworking.h */ = {isa = PBXFileReference; fileEncoding = 4; lastKnownFileType = sourcecode.c.h; path = "UIImageView+AFNetworking.h"; sourceTree = "<group>"; };
		D9150B0C18EFE57C00855BC0 /* UIImageView+AFNetworking.m */ = {isa = PBXFileReference; fileEncoding = 4; lastKnownFileType = sourcecode.c.objc; path = "UIImageView+AFNetworking.m"; sourceTree = "<group>"; };
		D9150B0D18EFE57C00855BC0 /* UIKit+AFNetworking.h */ = {isa = PBXFileReference; fileEncoding = 4; lastKnownFileType = sourcecode.c.h; path = "UIKit+AFNetworking.h"; sourceTree = "<group>"; };
		D9150B0E18EFE57C00855BC0 /* UIProgressView+AFNetworking.h */ = {isa = PBXFileReference; fileEncoding = 4; lastKnownFileType = sourcecode.c.h; path = "UIProgressView+AFNetworking.h"; sourceTree = "<group>"; };
		D9150B0F18EFE57C00855BC0 /* UIProgressView+AFNetworking.m */ = {isa = PBXFileReference; fileEncoding = 4; lastKnownFileType = sourcecode.c.objc; path = "UIProgressView+AFNetworking.m"; sourceTree = "<group>"; };
		D9150B1018EFE57C00855BC0 /* UIRefreshControl+AFNetworking.h */ = {isa = PBXFileReference; fileEncoding = 4; lastKnownFileType = sourcecode.c.h; path = "UIRefreshControl+AFNetworking.h"; sourceTree = "<group>"; };
		D9150B1118EFE57C00855BC0 /* UIRefreshControl+AFNetworking.m */ = {isa = PBXFileReference; fileEncoding = 4; lastKnownFileType = sourcecode.c.objc; path = "UIRefreshControl+AFNetworking.m"; sourceTree = "<group>"; };
		D9150B1218EFE57C00855BC0 /* UIWebView+AFNetworking.h */ = {isa = PBXFileReference; fileEncoding = 4; lastKnownFileType = sourcecode.c.h; path = "UIWebView+AFNetworking.h"; sourceTree = "<group>"; };
		D9150B1318EFE57C00855BC0 /* UIWebView+AFNetworking.m */ = {isa = PBXFileReference; fileEncoding = 4; lastKnownFileType = sourcecode.c.objc; path = "UIWebView+AFNetworking.m"; sourceTree = "<group>"; };
		D9150B2518EFE77600855BC0 /* libz.1.2.5.dylib */ = {isa = PBXFileReference; lastKnownFileType = "compiled.mach-o.dylib"; name = libz.1.2.5.dylib; path = usr/lib/libz.1.2.5.dylib; sourceTree = SDKROOT; };
		D9150B2818EFE86900855BC0 /* Security.framework */ = {isa = PBXFileReference; lastKnownFileType = wrapper.framework; name = Security.framework; path = System/Library/Frameworks/Security.framework; sourceTree = SDKROOT; };
		D9189A9418EB41E9009BD565 /* Images.xcassets */ = {isa = PBXFileReference; lastKnownFileType = folder.assetcatalog; path = Images.xcassets; sourceTree = "<group>"; };
		D9189A9618EB421A009BD565 /* pravda.png */ = {isa = PBXFileReference; lastKnownFileType = image.png; path = pravda.png; sourceTree = "<group>"; };
		D9189A9718EB421A009BD565 /* pravda@2x.png */ = {isa = PBXFileReference; lastKnownFileType = image.png; path = "pravda@2x.png"; sourceTree = "<group>"; };
		D9189A9A18EB435A009BD565 /* pravda_spotlight.png */ = {isa = PBXFileReference; lastKnownFileType = image.png; path = pravda_spotlight.png; sourceTree = "<group>"; };
		D9189A9B18EB435A009BD565 /* pravda_spotlight@2x.png */ = {isa = PBXFileReference; lastKnownFileType = image.png; path = "pravda_spotlight@2x.png"; sourceTree = "<group>"; };
		D9189AA218EB4484009BD565 /* pravda_ios7@2x.png */ = {isa = PBXFileReference; lastKnownFileType = image.png; path = "pravda_ios7@2x.png"; sourceTree = "<group>"; };
		D9189AA418EB44AF009BD565 /* pravda_spotlight_ios7.png */ = {isa = PBXFileReference; lastKnownFileType = image.png; path = pravda_spotlight_ios7.png; sourceTree = "<group>"; };
		D9189AA618EB4566009BD565 /* pravda_icon.png */ = {isa = PBXFileReference; lastKnownFileType = image.png; path = pravda_icon.png; sourceTree = "<group>"; };
		D9189AA718EB4566009BD565 /* pravda_icon@2x.png */ = {isa = PBXFileReference; lastKnownFileType = image.png; path = "pravda_icon@2x.png"; sourceTree = "<group>"; };
		D9189AAA18EB47F0009BD565 /* LunchImageIphone5.png */ = {isa = PBXFileReference; lastKnownFileType = image.png; path = LunchImageIphone5.png; sourceTree = "<group>"; };
		D93E569E1733CE48006BE11B /* SystemConfiguration.framework */ = {isa = PBXFileReference; lastKnownFileType = wrapper.framework; name = SystemConfiguration.framework; path = System/Library/Frameworks/SystemConfiguration.framework; sourceTree = SDKROOT; };
		D93E56A01733CE5A006BE11B /* MobileCoreServices.framework */ = {isa = PBXFileReference; lastKnownFileType = wrapper.framework; name = MobileCoreServices.framework; path = System/Library/Frameworks/MobileCoreServices.framework; sourceTree = SDKROOT; };
		D950457D18F0082100F280F7 /* GTMNSString+HTML.h */ = {isa = PBXFileReference; fileEncoding = 4; lastKnownFileType = sourcecode.c.h; path = "GTMNSString+HTML.h"; sourceTree = "<group>"; };
		D950457E18F0082100F280F7 /* GTMNSString+HTML.m */ = {isa = PBXFileReference; fileEncoding = 4; lastKnownFileType = sourcecode.c.objc; path = "GTMNSString+HTML.m"; sourceTree = "<group>"; };
		D950457F18F0082100F280F7 /* NSString+HTML.h */ = {isa = PBXFileReference; fileEncoding = 4; lastKnownFileType = sourcecode.c.h; path = "NSString+HTML.h"; sourceTree = "<group>"; };
		D950458018F0082100F280F7 /* NSString+HTML.m */ = {isa = PBXFileReference; fileEncoding = 4; lastKnownFileType = sourcecode.c.objc; path = "NSString+HTML.m"; sourceTree = "<group>"; };
		D950461518F0186200F280F7 /* MessageUI.framework */ = {isa = PBXFileReference; lastKnownFileType = wrapper.framework; name = MessageUI.framework; path = System/Library/Frameworks/MessageUI.framework; sourceTree = SDKROOT; };
		D950461718F0187900F280F7 /* AssetsLibrary.framework */ = {isa = PBXFileReference; lastKnownFileType = wrapper.framework; name = AssetsLibrary.framework; path = System/Library/Frameworks/AssetsLibrary.framework; sourceTree = SDKROOT; };
		D950461918F0188200F280F7 /* ImageIO.framework */ = {isa = PBXFileReference; lastKnownFileType = wrapper.framework; name = ImageIO.framework; path = System/Library/Frameworks/ImageIO.framework; sourceTree = SDKROOT; };
		D95046BA18F01D5400F280F7 /* MWCaptionView.h */ = {isa = PBXFileReference; fileEncoding = 4; lastKnownFileType = sourcecode.c.h; path = MWCaptionView.h; sourceTree = "<group>"; };
		D95046BB18F01D5400F280F7 /* MWCaptionView.m */ = {isa = PBXFileReference; fileEncoding = 4; lastKnownFileType = sourcecode.c.objc; path = MWCaptionView.m; sourceTree = "<group>"; };
		D95046BC18F01D5400F280F7 /* MWCommon.h */ = {isa = PBXFileReference; fileEncoding = 4; lastKnownFileType = sourcecode.c.h; path = MWCommon.h; sourceTree = "<group>"; };
		D95046BD18F01D5400F280F7 /* MWGridCell.h */ = {isa = PBXFileReference; fileEncoding = 4; lastKnownFileType = sourcecode.c.h; path = MWGridCell.h; sourceTree = "<group>"; };
		D95046BE18F01D5400F280F7 /* MWGridCell.m */ = {isa = PBXFileReference; fileEncoding = 4; lastKnownFileType = sourcecode.c.objc; path = MWGridCell.m; sourceTree = "<group>"; };
		D95046BF18F01D5400F280F7 /* MWGridViewController.h */ = {isa = PBXFileReference; fileEncoding = 4; lastKnownFileType = sourcecode.c.h; path = MWGridViewController.h; sourceTree = "<group>"; };
		D95046C018F01D5400F280F7 /* MWGridViewController.m */ = {isa = PBXFileReference; fileEncoding = 4; lastKnownFileType = sourcecode.c.objc; path = MWGridViewController.m; sourceTree = "<group>"; };
		D95046C118F01D5400F280F7 /* MWPhoto.h */ = {isa = PBXFileReference; fileEncoding = 4; lastKnownFileType = sourcecode.c.h; path = MWPhoto.h; sourceTree = "<group>"; };
		D95046C218F01D5400F280F7 /* MWPhoto.m */ = {isa = PBXFileReference; fileEncoding = 4; lastKnownFileType = sourcecode.c.objc; path = MWPhoto.m; sourceTree = "<group>"; };
		D95046C318F01D5400F280F7 /* MWPhotoBrowser.h */ = {isa = PBXFileReference; fileEncoding = 4; lastKnownFileType = sourcecode.c.h; path = MWPhotoBrowser.h; sourceTree = "<group>"; };
		D95046C418F01D5400F280F7 /* MWPhotoBrowser.m */ = {isa = PBXFileReference; fileEncoding = 4; lastKnownFileType = sourcecode.c.objc; path = MWPhotoBrowser.m; sourceTree = "<group>"; };
		D95046C518F01D5400F280F7 /* MWPhotoBrowserPrivate.h */ = {isa = PBXFileReference; fileEncoding = 4; lastKnownFileType = sourcecode.c.h; path = MWPhotoBrowserPrivate.h; sourceTree = "<group>"; };
		D95046C618F01D5400F280F7 /* MWPhotoProtocol.h */ = {isa = PBXFileReference; fileEncoding = 4; lastKnownFileType = sourcecode.c.h; path = MWPhotoProtocol.h; sourceTree = "<group>"; };
		D95046C718F01D5400F280F7 /* MWTapDetectingImageView.h */ = {isa = PBXFileReference; fileEncoding = 4; lastKnownFileType = sourcecode.c.h; path = MWTapDetectingImageView.h; sourceTree = "<group>"; };
		D95046C818F01D5400F280F7 /* MWTapDetectingImageView.m */ = {isa = PBXFileReference; fileEncoding = 4; lastKnownFileType = sourcecode.c.objc; path = MWTapDetectingImageView.m; sourceTree = "<group>"; };
		D95046C918F01D5400F280F7 /* MWTapDetectingView.h */ = {isa = PBXFileReference; fileEncoding = 4; lastKnownFileType = sourcecode.c.h; path = MWTapDetectingView.h; sourceTree = "<group>"; };
		D95046CA18F01D5400F280F7 /* MWTapDetectingView.m */ = {isa = PBXFileReference; fileEncoding = 4; lastKnownFileType = sourcecode.c.objc; path = MWTapDetectingView.m; sourceTree = "<group>"; };
		D95046CB18F01D5400F280F7 /* MWZoomingScrollView.h */ = {isa = PBXFileReference; fileEncoding = 4; lastKnownFileType = sourcecode.c.h; path = MWZoomingScrollView.h; sourceTree = "<group>"; };
		D95046CC18F01D5400F280F7 /* MWZoomingScrollView.m */ = {isa = PBXFileReference; fileEncoding = 4; lastKnownFileType = sourcecode.c.objc; path = MWZoomingScrollView.m; sourceTree = "<group>"; };
		D95046CF18F01D5400F280F7 /* DACircularProgressView.h */ = {isa = PBXFileReference; fileEncoding = 4; lastKnownFileType = sourcecode.c.h; path = DACircularProgressView.h; sourceTree = "<group>"; };
		D95046D018F01D5400F280F7 /* DACircularProgressView.m */ = {isa = PBXFileReference; fileEncoding = 4; lastKnownFileType = sourcecode.c.objc; path = DACircularProgressView.m; sourceTree = "<group>"; };
		D95046D218F01D5400F280F7 /* MBProgressHUD.h */ = {isa = PBXFileReference; fileEncoding = 4; lastKnownFileType = sourcecode.c.h; path = MBProgressHUD.h; sourceTree = "<group>"; };
		D95046D318F01D5400F280F7 /* MBProgressHUD.m */ = {isa = PBXFileReference; fileEncoding = 4; lastKnownFileType = sourcecode.c.objc; path = MBProgressHUD.m; sourceTree = "<group>"; };
		D95046D418F01D5400F280F7 /* README.mdown */ = {isa = PBXFileReference; fileEncoding = 4; lastKnownFileType = text; path = README.mdown; sourceTree = "<group>"; };
		D95046D618F01D5400F280F7 /* NSIndexPath+PSTCollectionViewAdditions.h */ = {isa = PBXFileReference; fileEncoding = 4; lastKnownFileType = sourcecode.c.h; path = "NSIndexPath+PSTCollectionViewAdditions.h"; sourceTree = "<group>"; };
		D95046D718F01D5400F280F7 /* NSIndexPath+PSTCollectionViewAdditions.m */ = {isa = PBXFileReference; fileEncoding = 4; lastKnownFileType = sourcecode.c.objc; path = "NSIndexPath+PSTCollectionViewAdditions.m"; sourceTree = "<group>"; };
		D95046D818F01D5400F280F7 /* PSTCollectionView.h */ = {isa = PBXFileReference; fileEncoding = 4; lastKnownFileType = sourcecode.c.h; path = PSTCollectionView.h; sourceTree = "<group>"; };
		D95046D918F01D5400F280F7 /* PSTCollectionView.m */ = {isa = PBXFileReference; fileEncoding = 4; lastKnownFileType = sourcecode.c.objc; path = PSTCollectionView.m; sourceTree = "<group>"; };
		D95046DA18F01D5400F280F7 /* PSTCollectionViewCell.h */ = {isa = PBXFileReference; fileEncoding = 4; lastKnownFileType = sourcecode.c.h; path = PSTCollectionViewCell.h; sourceTree = "<group>"; };
		D95046DB18F01D5400F280F7 /* PSTCollectionViewCell.m */ = {isa = PBXFileReference; fileEncoding = 4; lastKnownFileType = sourcecode.c.objc; path = PSTCollectionViewCell.m; sourceTree = "<group>"; };
		D95046DC18F01D5400F280F7 /* PSTCollectionViewCommon.h */ = {isa = PBXFileReference; fileEncoding = 4; lastKnownFileType = sourcecode.c.h; path = PSTCollectionViewCommon.h; sourceTree = "<group>"; };
		D95046DD18F01D5400F280F7 /* PSTCollectionViewController.h */ = {isa = PBXFileReference; fileEncoding = 4; lastKnownFileType = sourcecode.c.h; path = PSTCollectionViewController.h; sourceTree = "<group>"; };
		D95046DE18F01D5400F280F7 /* PSTCollectionViewController.m */ = {isa = PBXFileReference; fileEncoding = 4; lastKnownFileType = sourcecode.c.objc; path = PSTCollectionViewController.m; sourceTree = "<group>"; };
		D95046DF18F01D5400F280F7 /* PSTCollectionViewData.h */ = {isa = PBXFileReference; fileEncoding = 4; lastKnownFileType = sourcecode.c.h; path = PSTCollectionViewData.h; sourceTree = "<group>"; };
		D95046E018F01D5400F280F7 /* PSTCollectionViewData.m */ = {isa = PBXFileReference; fileEncoding = 4; lastKnownFileType = sourcecode.c.objc; path = PSTCollectionViewData.m; sourceTree = "<group>"; };
		D95046E118F01D5400F280F7 /* PSTCollectionViewFlowLayout.h */ = {isa = PBXFileReference; fileEncoding = 4; lastKnownFileType = sourcecode.c.h; path = PSTCollectionViewFlowLayout.h; sourceTree = "<group>"; };
		D95046E218F01D5400F280F7 /* PSTCollectionViewFlowLayout.m */ = {isa = PBXFileReference; fileEncoding = 4; lastKnownFileType = sourcecode.c.objc; path = PSTCollectionViewFlowLayout.m; sourceTree = "<group>"; };
		D95046E318F01D5400F280F7 /* PSTCollectionViewItemKey.h */ = {isa = PBXFileReference; fileEncoding = 4; lastKnownFileType = sourcecode.c.h; path = PSTCollectionViewItemKey.h; sourceTree = "<group>"; };
		D95046E418F01D5400F280F7 /* PSTCollectionViewItemKey.m */ = {isa = PBXFileReference; fileEncoding = 4; lastKnownFileType = sourcecode.c.objc; path = PSTCollectionViewItemKey.m; sourceTree = "<group>"; };
		D95046E518F01D5400F280F7 /* PSTCollectionViewLayout+Internals.h */ = {isa = PBXFileReference; fileEncoding = 4; lastKnownFileType = sourcecode.c.h; path = "PSTCollectionViewLayout+Internals.h"; sourceTree = "<group>"; };
		D95046E618F01D5400F280F7 /* PSTCollectionViewLayout.h */ = {isa = PBXFileReference; fileEncoding = 4; lastKnownFileType = sourcecode.c.h; path = PSTCollectionViewLayout.h; sourceTree = "<group>"; };
		D95046E718F01D5400F280F7 /* PSTCollectionViewLayout.m */ = {isa = PBXFileReference; fileEncoding = 4; lastKnownFileType = sourcecode.c.objc; path = PSTCollectionViewLayout.m; sourceTree = "<group>"; };
		D95046E818F01D5400F280F7 /* PSTCollectionViewUpdateItem.h */ = {isa = PBXFileReference; fileEncoding = 4; lastKnownFileType = sourcecode.c.h; path = PSTCollectionViewUpdateItem.h; sourceTree = "<group>"; };
		D95046E918F01D5400F280F7 /* PSTCollectionViewUpdateItem.m */ = {isa = PBXFileReference; fileEncoding = 4; lastKnownFileType = sourcecode.c.objc; path = PSTCollectionViewUpdateItem.m; sourceTree = "<group>"; };
		D95046EA18F01D5400F280F7 /* PSTGridLayoutInfo.h */ = {isa = PBXFileReference; fileEncoding = 4; lastKnownFileType = sourcecode.c.h; path = PSTGridLayoutInfo.h; sourceTree = "<group>"; };
		D95046EB18F01D5400F280F7 /* PSTGridLayoutInfo.m */ = {isa = PBXFileReference; fileEncoding = 4; lastKnownFileType = sourcecode.c.objc; path = PSTGridLayoutInfo.m; sourceTree = "<group>"; };
		D95046EC18F01D5400F280F7 /* PSTGridLayoutItem.h */ = {isa = PBXFileReference; fileEncoding = 4; lastKnownFileType = sourcecode.c.h; path = PSTGridLayoutItem.h; sourceTree = "<group>"; };
		D95046ED18F01D5400F280F7 /* PSTGridLayoutItem.m */ = {isa = PBXFileReference; fileEncoding = 4; lastKnownFileType = sourcecode.c.objc; path = PSTGridLayoutItem.m; sourceTree = "<group>"; };
		D95046EE18F01D5400F280F7 /* PSTGridLayoutRow.h */ = {isa = PBXFileReference; fileEncoding = 4; lastKnownFileType = sourcecode.c.h; path = PSTGridLayoutRow.h; sourceTree = "<group>"; };
		D95046EF18F01D5400F280F7 /* PSTGridLayoutRow.m */ = {isa = PBXFileReference; fileEncoding = 4; lastKnownFileType = sourcecode.c.objc; path = PSTGridLayoutRow.m; sourceTree = "<group>"; };
		D95046F018F01D5400F280F7 /* PSTGridLayoutSection.h */ = {isa = PBXFileReference; fileEncoding = 4; lastKnownFileType = sourcecode.c.h; path = PSTGridLayoutSection.h; sourceTree = "<group>"; };
		D95046F118F01D5400F280F7 /* PSTGridLayoutSection.m */ = {isa = PBXFileReference; fileEncoding = 4; lastKnownFileType = sourcecode.c.objc; path = PSTGridLayoutSection.m; sourceTree = "<group>"; };
		D95046F318F01D5400F280F7 /* LICENSE */ = {isa = PBXFileReference; fileEncoding = 4; lastKnownFileType = text; path = LICENSE; sourceTree = "<group>"; };
		D95046F418F01D5400F280F7 /* README.md */ = {isa = PBXFileReference; fileEncoding = 4; lastKnownFileType = text; path = README.md; sourceTree = "<group>"; };
		D95046F618F01D5400F280F7 /* MKAnnotationView+WebCache.h */ = {isa = PBXFileReference; fileEncoding = 4; lastKnownFileType = sourcecode.c.h; path = "MKAnnotationView+WebCache.h"; sourceTree = "<group>"; };
		D95046F718F01D5400F280F7 /* MKAnnotationView+WebCache.m */ = {isa = PBXFileReference; fileEncoding = 4; lastKnownFileType = sourcecode.c.objc; path = "MKAnnotationView+WebCache.m"; sourceTree = "<group>"; };
		D95046F818F01D5400F280F7 /* NSData+GIF.h */ = {isa = PBXFileReference; fileEncoding = 4; lastKnownFileType = sourcecode.c.h; path = "NSData+GIF.h"; sourceTree = "<group>"; };
		D95046F918F01D5400F280F7 /* NSData+GIF.m */ = {isa = PBXFileReference; fileEncoding = 4; lastKnownFileType = sourcecode.c.objc; path = "NSData+GIF.m"; sourceTree = "<group>"; };
		D95046FA18F01D5400F280F7 /* NSData+ImageContentType.h */ = {isa = PBXFileReference; fileEncoding = 4; lastKnownFileType = sourcecode.c.h; path = "NSData+ImageContentType.h"; sourceTree = "<group>"; };
		D95046FB18F01D5400F280F7 /* NSData+ImageContentType.m */ = {isa = PBXFileReference; fileEncoding = 4; lastKnownFileType = sourcecode.c.objc; path = "NSData+ImageContentType.m"; sourceTree = "<group>"; };
		D95046FC18F01D5400F280F7 /* SDImageCache.h */ = {isa = PBXFileReference; fileEncoding = 4; lastKnownFileType = sourcecode.c.h; path = SDImageCache.h; sourceTree = "<group>"; };
		D95046FD18F01D5400F280F7 /* SDImageCache.m */ = {isa = PBXFileReference; fileEncoding = 4; lastKnownFileType = sourcecode.c.objc; path = SDImageCache.m; sourceTree = "<group>"; };
		D95046FE18F01D5400F280F7 /* SDWebImageCompat.h */ = {isa = PBXFileReference; fileEncoding = 4; lastKnownFileType = sourcecode.c.h; path = SDWebImageCompat.h; sourceTree = "<group>"; };
		D95046FF18F01D5400F280F7 /* SDWebImageCompat.m */ = {isa = PBXFileReference; fileEncoding = 4; lastKnownFileType = sourcecode.c.objc; path = SDWebImageCompat.m; sourceTree = "<group>"; };
		D950470018F01D5400F280F7 /* SDWebImageDecoder.h */ = {isa = PBXFileReference; fileEncoding = 4; lastKnownFileType = sourcecode.c.h; path = SDWebImageDecoder.h; sourceTree = "<group>"; };
		D950470118F01D5400F280F7 /* SDWebImageDecoder.m */ = {isa = PBXFileReference; fileEncoding = 4; lastKnownFileType = sourcecode.c.objc; path = SDWebImageDecoder.m; sourceTree = "<group>"; };
		D950470218F01D5400F280F7 /* SDWebImageDownloader.h */ = {isa = PBXFileReference; fileEncoding = 4; lastKnownFileType = sourcecode.c.h; path = SDWebImageDownloader.h; sourceTree = "<group>"; };
		D950470318F01D5400F280F7 /* SDWebImageDownloader.m */ = {isa = PBXFileReference; fileEncoding = 4; lastKnownFileType = sourcecode.c.objc; path = SDWebImageDownloader.m; sourceTree = "<group>"; };
		D950470418F01D5400F280F7 /* SDWebImageDownloaderOperation.h */ = {isa = PBXFileReference; fileEncoding = 4; lastKnownFileType = sourcecode.c.h; path = SDWebImageDownloaderOperation.h; sourceTree = "<group>"; };
		D950470518F01D5400F280F7 /* SDWebImageDownloaderOperation.m */ = {isa = PBXFileReference; fileEncoding = 4; lastKnownFileType = sourcecode.c.objc; path = SDWebImageDownloaderOperation.m; sourceTree = "<group>"; };
		D950470618F01D5400F280F7 /* SDWebImageManager.h */ = {isa = PBXFileReference; fileEncoding = 4; lastKnownFileType = sourcecode.c.h; path = SDWebImageManager.h; sourceTree = "<group>"; };
		D950470718F01D5400F280F7 /* SDWebImageManager.m */ = {isa = PBXFileReference; fileEncoding = 4; lastKnownFileType = sourcecode.c.objc; path = SDWebImageManager.m; sourceTree = "<group>"; };
		D950470818F01D5400F280F7 /* SDWebImageOperation.h */ = {isa = PBXFileReference; fileEncoding = 4; lastKnownFileType = sourcecode.c.h; path = SDWebImageOperation.h; sourceTree = "<group>"; };
		D950470918F01D5400F280F7 /* SDWebImagePrefetcher.h */ = {isa = PBXFileReference; fileEncoding = 4; lastKnownFileType = sourcecode.c.h; path = SDWebImagePrefetcher.h; sourceTree = "<group>"; };
		D950470A18F01D5400F280F7 /* SDWebImagePrefetcher.m */ = {isa = PBXFileReference; fileEncoding = 4; lastKnownFileType = sourcecode.c.objc; path = SDWebImagePrefetcher.m; sourceTree = "<group>"; };
		D950470B18F01D5400F280F7 /* UIButton+WebCache.h */ = {isa = PBXFileReference; fileEncoding = 4; lastKnownFileType = sourcecode.c.h; path = "UIButton+WebCache.h"; sourceTree = "<group>"; };
		D950470C18F01D5400F280F7 /* UIButton+WebCache.m */ = {isa = PBXFileReference; fileEncoding = 4; lastKnownFileType = sourcecode.c.objc; path = "UIButton+WebCache.m"; sourceTree = "<group>"; };
		D950470D18F01D5400F280F7 /* UIImage+GIF.h */ = {isa = PBXFileReference; fileEncoding = 4; lastKnownFileType = sourcecode.c.h; path = "UIImage+GIF.h"; sourceTree = "<group>"; };
		D950470E18F01D5400F280F7 /* UIImage+GIF.m */ = {isa = PBXFileReference; fileEncoding = 4; lastKnownFileType = sourcecode.c.objc; path = "UIImage+GIF.m"; sourceTree = "<group>"; };
		D950470F18F01D5400F280F7 /* UIImage+MultiFormat.h */ = {isa = PBXFileReference; fileEncoding = 4; lastKnownFileType = sourcecode.c.h; path = "UIImage+MultiFormat.h"; sourceTree = "<group>"; };
		D950471018F01D5400F280F7 /* UIImage+MultiFormat.m */ = {isa = PBXFileReference; fileEncoding = 4; lastKnownFileType = sourcecode.c.objc; path = "UIImage+MultiFormat.m"; sourceTree = "<group>"; };
		D950471118F01D5400F280F7 /* UIImage+WebP.h */ = {isa = PBXFileReference; fileEncoding = 4; lastKnownFileType = sourcecode.c.h; path = "UIImage+WebP.h"; sourceTree = "<group>"; };
		D950471218F01D5400F280F7 /* UIImage+WebP.m */ = {isa = PBXFileReference; fileEncoding = 4; lastKnownFileType = sourcecode.c.objc; path = "UIImage+WebP.m"; sourceTree = "<group>"; };
		D950471318F01D5400F280F7 /* UIImageView+WebCache.h */ = {isa = PBXFileReference; fileEncoding = 4; lastKnownFileType = sourcecode.c.h; path = "UIImageView+WebCache.h"; sourceTree = "<group>"; };
		D950471418F01D5400F280F7 /* UIImageView+WebCache.m */ = {isa = PBXFileReference; fileEncoding = 4; lastKnownFileType = sourcecode.c.objc; path = "UIImageView+WebCache.m"; sourceTree = "<group>"; };
		D950471518F01D5400F280F7 /* MWPhotoBrowser-Prefix.pch */ = {isa = PBXFileReference; fileEncoding = 4; lastKnownFileType = sourcecode.c.h; path = "MWPhotoBrowser-Prefix.pch"; sourceTree = "<group>"; };
		D950471618F01D5400F280F7 /* MWPhotoBrowser.bundle */ = {isa = PBXFileReference; lastKnownFileType = "wrapper.plug-in"; path = MWPhotoBrowser.bundle; sourceTree = "<group>"; };
		D950471718F01D5400F280F7 /* MWPhotoBrowser.xcodeproj */ = {isa = PBXFileReference; lastKnownFileType = "wrapper.pb-project"; path = MWPhotoBrowser.xcodeproj; sourceTree = "<group>"; };
		D950474718F01D7900F280F7 /* MapKit.framework */ = {isa = PBXFileReference; lastKnownFileType = wrapper.framework; name = MapKit.framework; path = System/Library/Frameworks/MapKit.framework; sourceTree = SDKROOT; };
		D96CDCCF18E9F0A9006B1617 /* RSSItem.h */ = {isa = PBXFileReference; fileEncoding = 4; lastKnownFileType = sourcecode.c.h; path = RSSItem.h; sourceTree = "<group>"; };
		D96CDCD018E9F0A9006B1617 /* RSSItem.m */ = {isa = PBXFileReference; fileEncoding = 4; lastKnownFileType = sourcecode.c.objc; path = RSSItem.m; sourceTree = "<group>"; };
		D96CDCD118E9F0A9006B1617 /* RSSParser.h */ = {isa = PBXFileReference; fileEncoding = 4; lastKnownFileType = sourcecode.c.h; path = RSSParser.h; sourceTree = "<group>"; };
		D96CDCD218E9F0A9006B1617 /* RSSParser.m */ = {isa = PBXFileReference; fileEncoding = 4; lastKnownFileType = sourcecode.c.objc; path = RSSParser.m; sourceTree = "<group>"; };
		D975CC1318F47ABF005879E5 /* API.h */ = {isa = PBXFileReference; fileEncoding = 4; lastKnownFileType = sourcecode.c.h; path = API.h; sourceTree = "<group>"; };
		D975CC1418F47ABF005879E5 /* API.m */ = {isa = PBXFileReference; fileEncoding = 4; lastKnownFileType = sourcecode.c.objc; path = API.m; sourceTree = "<group>"; };
		D987077A18EA814100B2CC72 /* QuartzCore.framework */ = {isa = PBXFileReference; lastKnownFileType = wrapper.framework; name = QuartzCore.framework; path = System/Library/Frameworks/QuartzCore.framework; sourceTree = SDKROOT; };
		D9D4FBD418F181E300F0DE50 /* SWRevealViewController.h */ = {isa = PBXFileReference; fileEncoding = 4; lastKnownFileType = sourcecode.c.h; path = SWRevealViewController.h; sourceTree = "<group>"; };
		D9D4FBD518F181E300F0DE50 /* SWRevealViewController.m */ = {isa = PBXFileReference; fileEncoding = 4; lastKnownFileType = sourcecode.c.objc; path = SWRevealViewController.m; sourceTree = "<group>"; };
		D9D4FBD718F1823600F0DE50 /* MenuTableViewController.h */ = {isa = PBXFileReference; fileEncoding = 4; lastKnownFileType = sourcecode.c.h; path = MenuTableViewController.h; sourceTree = "<group>"; };
		D9D4FBD818F1823600F0DE50 /* MenuTableViewController.m */ = {isa = PBXFileReference; fileEncoding = 4; lastKnownFileType = sourcecode.c.objc; path = MenuTableViewController.m; sourceTree = "<group>"; };
/* End PBXFileReference section */

/* Begin PBXFrameworksBuildPhase section */
		B765D51E172E5C0A00973238 /* Frameworks */ = {
			isa = PBXFrameworksBuildPhase;
			buildActionMask = 2147483647;
			files = (
				D950474818F01D7900F280F7 /* MapKit.framework in Frameworks */,
				D950461A18F0188200F280F7 /* ImageIO.framework in Frameworks */,
				D950461818F0187900F280F7 /* AssetsLibrary.framework in Frameworks */,
				D987077B18EA814100B2CC72 /* QuartzCore.framework in Frameworks */,
				D950461618F0186200F280F7 /* MessageUI.framework in Frameworks */,
				D9150B2918EFE86900855BC0 /* Security.framework in Frameworks */,
				D93E56A11733CE5A006BE11B /* MobileCoreServices.framework in Frameworks */,
				D93E569F1733CE48006BE11B /* SystemConfiguration.framework in Frameworks */,
				B765D525172E5C0A00973238 /* UIKit.framework in Frameworks */,
				B765D527172E5C0A00973238 /* Foundation.framework in Frameworks */,
				B765D529172E5C0A00973238 /* CoreGraphics.framework in Frameworks */,
			);
			runOnlyForDeploymentPostprocessing = 0;
		};
/* End PBXFrameworksBuildPhase section */

/* Begin PBXGroup section */
		B71A84081730033100C50490 /* images */ = {
			isa = PBXGroup;
			children = (
				D9189AAA18EB47F0009BD565 /* LunchImageIphone5.png */,
				D9189AA618EB4566009BD565 /* pravda_icon.png */,
				D9189AA718EB4566009BD565 /* pravda_icon@2x.png */,
				D9189AA418EB44AF009BD565 /* pravda_spotlight_ios7.png */,
				D9189AA218EB4484009BD565 /* pravda_ios7@2x.png */,
				D9189A9A18EB435A009BD565 /* pravda_spotlight.png */,
				D9189A9B18EB435A009BD565 /* pravda_spotlight@2x.png */,
				D9189A9618EB421A009BD565 /* pravda.png */,
				D9189A9718EB421A009BD565 /* pravda@2x.png */,
				B765D536172E5C0A00973238 /* Default.png */,
				B765D538172E5C0A00973238 /* Default@2x.png */,
				B765D53A172E5C0A00973238 /* Default-568h@2x.png */,
			);
			name = images;
			sourceTree = "<group>";
		};
		B765D518172E5C0A00973238 = {
			isa = PBXGroup;
			children = (
				B765D52A172E5C0A00973238 /* pravda.if.ua */,
				B765D523172E5C0A00973238 /* Frameworks */,
				B765D522172E5C0A00973238 /* Products */,
			);
			sourceTree = "<group>";
		};
		B765D522172E5C0A00973238 /* Products */ = {
			isa = PBXGroup;
			children = (
				B765D521172E5C0A00973238 /* Правда.if.ua.app */,
			);
			name = Products;
			sourceTree = "<group>";
		};
		B765D523172E5C0A00973238 /* Frameworks */ = {
			isa = PBXGroup;
			children = (
				D950474718F01D7900F280F7 /* MapKit.framework */,
				D95046B818F01D5400F280F7 /* MWPhotoBrowser */,
				D950461918F0188200F280F7 /* ImageIO.framework */,
				D950461718F0187900F280F7 /* AssetsLibrary.framework */,
				D950461518F0186200F280F7 /* MessageUI.framework */,
				D950458418F0082700F280F7 /* NSString */,
				D9150B2818EFE86900855BC0 /* Security.framework */,
				D9150B2518EFE77600855BC0 /* libz.1.2.5.dylib */,
				D9150AEE18EFE57C00855BC0 /* AFNetworking */,
				D9150B0218EFE57C00855BC0 /* UIKit+AFNetworking */,
				D987077A18EA814100B2CC72 /* QuartzCore.framework */,
				D93E56A01733CE5A006BE11B /* MobileCoreServices.framework */,
				D93E569E1733CE48006BE11B /* SystemConfiguration.framework */,
				B765D524172E5C0A00973238 /* UIKit.framework */,
				B765D526172E5C0A00973238 /* Foundation.framework */,
				B765D528172E5C0A00973238 /* CoreGraphics.framework */,
			);
			name = Frameworks;
			sourceTree = "<group>";
		};
		B765D52A172E5C0A00973238 /* pravda.if.ua */ = {
			isa = PBXGroup;
			children = (
				B788C5E918FEC94000C4F31D /* iPad */,
				D9D4FBD218F181AD00F0DE50 /* Model */,
				D9D4FBD118F1819E00F0DE50 /* View */,
				D9D4FBD018F1819500F0DE50 /* Controller */,
				B765D52B172E5C0A00973238 /* Supporting Files */,
			);
			path = pravda.if.ua;
			sourceTree = "<group>";
		};
		B765D52B172E5C0A00973238 /* Supporting Files */ = {
			isa = PBXGroup;
			children = (
				B71A84081730033100C50490 /* images */,
				D9189A9418EB41E9009BD565 /* Images.xcassets */,
				B765D53C172E5C0A00973238 /* MainStoryboard.storyboard */,
				B765D533172E5C0A00973238 /* pravdaAppDelegate.h */,
				B765D534172E5C0A00973238 /* pravdaAppDelegate.m */,
				B765D52C172E5C0A00973238 /* pravda.if.ua-Info.plist */,
				B765D52D172E5C0A00973238 /* InfoPlist.strings */,
				B765D530172E5C0A00973238 /* main.m */,
				B765D532172E5C0A00973238 /* pravda.if.ua-Prefix.pch */,
			);
			name = "Supporting Files";
			sourceTree = "<group>";
		};
		B788C5E918FEC94000C4F31D /* iPad */ = {
			isa = PBXGroup;
			children = (
			);
			name = iPad;
			sourceTree = "<group>";
		};
		D9150AEE18EFE57C00855BC0 /* AFNetworking */ = {
			isa = PBXGroup;
			children = (
				D9150AEF18EFE57C00855BC0 /* AFHTTPRequestOperation.h */,
				D9150AF018EFE57C00855BC0 /* AFHTTPRequestOperation.m */,
				D9150AF118EFE57C00855BC0 /* AFHTTPRequestOperationManager.h */,
				D9150AF218EFE57C00855BC0 /* AFHTTPRequestOperationManager.m */,
				D9150AF318EFE57C00855BC0 /* AFHTTPSessionManager.h */,
				D9150AF418EFE57C00855BC0 /* AFHTTPSessionManager.m */,
				D9150AF518EFE57C00855BC0 /* AFNetworking.h */,
				D9150AF618EFE57C00855BC0 /* AFNetworkReachabilityManager.h */,
				D9150AF718EFE57C00855BC0 /* AFNetworkReachabilityManager.m */,
				D9150AF818EFE57C00855BC0 /* AFSecurityPolicy.h */,
				D9150AF918EFE57C00855BC0 /* AFSecurityPolicy.m */,
				D9150AFA18EFE57C00855BC0 /* AFURLConnectionOperation.h */,
				D9150AFB18EFE57C00855BC0 /* AFURLConnectionOperation.m */,
				D9150AFC18EFE57C00855BC0 /* AFURLRequestSerialization.h */,
				D9150AFD18EFE57C00855BC0 /* AFURLRequestSerialization.m */,
				D9150AFE18EFE57C00855BC0 /* AFURLResponseSerialization.h */,
				D9150AFF18EFE57C00855BC0 /* AFURLResponseSerialization.m */,
				D9150B0018EFE57C00855BC0 /* AFURLSessionManager.h */,
				D9150B0118EFE57C00855BC0 /* AFURLSessionManager.m */,
			);
			path = AFNetworking;
			sourceTree = "<group>";
		};
		D9150B0218EFE57C00855BC0 /* UIKit+AFNetworking */ = {
			isa = PBXGroup;
			children = (
				D9150B0318EFE57C00855BC0 /* AFNetworkActivityIndicatorManager.h */,
				D9150B0418EFE57C00855BC0 /* AFNetworkActivityIndicatorManager.m */,
				D9150B0518EFE57C00855BC0 /* UIActivityIndicatorView+AFNetworking.h */,
				D9150B0618EFE57C00855BC0 /* UIActivityIndicatorView+AFNetworking.m */,
				D9150B0718EFE57C00855BC0 /* UIAlertView+AFNetworking.h */,
				D9150B0818EFE57C00855BC0 /* UIAlertView+AFNetworking.m */,
				D9150B0918EFE57C00855BC0 /* UIButton+AFNetworking.h */,
				D9150B0A18EFE57C00855BC0 /* UIButton+AFNetworking.m */,
				D9150B0B18EFE57C00855BC0 /* UIImageView+AFNetworking.h */,
				D9150B0C18EFE57C00855BC0 /* UIImageView+AFNetworking.m */,
				D9150B0D18EFE57C00855BC0 /* UIKit+AFNetworking.h */,
				D9150B0E18EFE57C00855BC0 /* UIProgressView+AFNetworking.h */,
				D9150B0F18EFE57C00855BC0 /* UIProgressView+AFNetworking.m */,
				D9150B1018EFE57C00855BC0 /* UIRefreshControl+AFNetworking.h */,
				D9150B1118EFE57C00855BC0 /* UIRefreshControl+AFNetworking.m */,
				D9150B1218EFE57C00855BC0 /* UIWebView+AFNetworking.h */,
				D9150B1318EFE57C00855BC0 /* UIWebView+AFNetworking.m */,
			);
			path = "UIKit+AFNetworking";
			sourceTree = "<group>";
		};
		D93E56BF1733D95B006BE11B /* RSSParser */ = {
			isa = PBXGroup;
			children = (
				D96CDCCF18E9F0A9006B1617 /* RSSItem.h */,
				D96CDCD018E9F0A9006B1617 /* RSSItem.m */,
				D96CDCD118E9F0A9006B1617 /* RSSParser.h */,
				D96CDCD218E9F0A9006B1617 /* RSSParser.m */,
			);
			name = RSSParser;
			path = pravda.if.ua/RSSParser;
			sourceTree = "<group>";
		};
		D950458418F0082700F280F7 /* NSString */ = {
			isa = PBXGroup;
			children = (
				D950457D18F0082100F280F7 /* GTMNSString+HTML.h */,
				D950457E18F0082100F280F7 /* GTMNSString+HTML.m */,
				D950457F18F0082100F280F7 /* NSString+HTML.h */,
				D950458018F0082100F280F7 /* NSString+HTML.m */,
			);
			name = NSString;
			sourceTree = "<group>";
		};
		D95046B818F01D5400F280F7 /* MWPhotoBrowser */ = {
			isa = PBXGroup;
			children = (
				D95046B918F01D5400F280F7 /* Classes */,
				D95046CD18F01D5400F280F7 /* Libraries */,
				D950471518F01D5400F280F7 /* MWPhotoBrowser-Prefix.pch */,
				D950471618F01D5400F280F7 /* MWPhotoBrowser.bundle */,
				D950471718F01D5400F280F7 /* MWPhotoBrowser.xcodeproj */,
			);
			path = MWPhotoBrowser;
			sourceTree = "<group>";
		};
		D95046B918F01D5400F280F7 /* Classes */ = {
			isa = PBXGroup;
			children = (
				D95046BA18F01D5400F280F7 /* MWCaptionView.h */,
				D95046BB18F01D5400F280F7 /* MWCaptionView.m */,
				D95046BC18F01D5400F280F7 /* MWCommon.h */,
				D95046BD18F01D5400F280F7 /* MWGridCell.h */,
				D95046BE18F01D5400F280F7 /* MWGridCell.m */,
				D95046BF18F01D5400F280F7 /* MWGridViewController.h */,
				D95046C018F01D5400F280F7 /* MWGridViewController.m */,
				D95046C118F01D5400F280F7 /* MWPhoto.h */,
				D95046C218F01D5400F280F7 /* MWPhoto.m */,
				D95046C318F01D5400F280F7 /* MWPhotoBrowser.h */,
				D95046C418F01D5400F280F7 /* MWPhotoBrowser.m */,
				D95046C518F01D5400F280F7 /* MWPhotoBrowserPrivate.h */,
				D95046C618F01D5400F280F7 /* MWPhotoProtocol.h */,
				D95046C718F01D5400F280F7 /* MWTapDetectingImageView.h */,
				D95046C818F01D5400F280F7 /* MWTapDetectingImageView.m */,
				D95046C918F01D5400F280F7 /* MWTapDetectingView.h */,
				D95046CA18F01D5400F280F7 /* MWTapDetectingView.m */,
				D95046CB18F01D5400F280F7 /* MWZoomingScrollView.h */,
				D95046CC18F01D5400F280F7 /* MWZoomingScrollView.m */,
			);
			path = Classes;
			sourceTree = "<group>";
		};
		D95046CD18F01D5400F280F7 /* Libraries */ = {
			isa = PBXGroup;
			children = (
				D95046CE18F01D5400F280F7 /* DACircularProgress */,
				D95046D118F01D5400F280F7 /* MBProgressHUD */,
				D95046D518F01D5400F280F7 /* PSTCollectionView */,
				D95046F218F01D5400F280F7 /* SDWebImage */,
			);
			path = Libraries;
			sourceTree = "<group>";
		};
		D95046CE18F01D5400F280F7 /* DACircularProgress */ = {
			isa = PBXGroup;
			children = (
				D95046CF18F01D5400F280F7 /* DACircularProgressView.h */,
				D95046D018F01D5400F280F7 /* DACircularProgressView.m */,
			);
			path = DACircularProgress;
			sourceTree = "<group>";
		};
		D95046D118F01D5400F280F7 /* MBProgressHUD */ = {
			isa = PBXGroup;
			children = (
				D95046D218F01D5400F280F7 /* MBProgressHUD.h */,
				D95046D318F01D5400F280F7 /* MBProgressHUD.m */,
				D95046D418F01D5400F280F7 /* README.mdown */,
			);
			path = MBProgressHUD;
			sourceTree = "<group>";
		};
		D95046D518F01D5400F280F7 /* PSTCollectionView */ = {
			isa = PBXGroup;
			children = (
				D95046D618F01D5400F280F7 /* NSIndexPath+PSTCollectionViewAdditions.h */,
				D95046D718F01D5400F280F7 /* NSIndexPath+PSTCollectionViewAdditions.m */,
				D95046D818F01D5400F280F7 /* PSTCollectionView.h */,
				D95046D918F01D5400F280F7 /* PSTCollectionView.m */,
				D95046DA18F01D5400F280F7 /* PSTCollectionViewCell.h */,
				D95046DB18F01D5400F280F7 /* PSTCollectionViewCell.m */,
				D95046DC18F01D5400F280F7 /* PSTCollectionViewCommon.h */,
				D95046DD18F01D5400F280F7 /* PSTCollectionViewController.h */,
				D95046DE18F01D5400F280F7 /* PSTCollectionViewController.m */,
				D95046DF18F01D5400F280F7 /* PSTCollectionViewData.h */,
				D95046E018F01D5400F280F7 /* PSTCollectionViewData.m */,
				D95046E118F01D5400F280F7 /* PSTCollectionViewFlowLayout.h */,
				D95046E218F01D5400F280F7 /* PSTCollectionViewFlowLayout.m */,
				D95046E318F01D5400F280F7 /* PSTCollectionViewItemKey.h */,
				D95046E418F01D5400F280F7 /* PSTCollectionViewItemKey.m */,
				D95046E518F01D5400F280F7 /* PSTCollectionViewLayout+Internals.h */,
				D95046E618F01D5400F280F7 /* PSTCollectionViewLayout.h */,
				D95046E718F01D5400F280F7 /* PSTCollectionViewLayout.m */,
				D95046E818F01D5400F280F7 /* PSTCollectionViewUpdateItem.h */,
				D95046E918F01D5400F280F7 /* PSTCollectionViewUpdateItem.m */,
				D95046EA18F01D5400F280F7 /* PSTGridLayoutInfo.h */,
				D95046EB18F01D5400F280F7 /* PSTGridLayoutInfo.m */,
				D95046EC18F01D5400F280F7 /* PSTGridLayoutItem.h */,
				D95046ED18F01D5400F280F7 /* PSTGridLayoutItem.m */,
				D95046EE18F01D5400F280F7 /* PSTGridLayoutRow.h */,
				D95046EF18F01D5400F280F7 /* PSTGridLayoutRow.m */,
				D95046F018F01D5400F280F7 /* PSTGridLayoutSection.h */,
				D95046F118F01D5400F280F7 /* PSTGridLayoutSection.m */,
			);
			path = PSTCollectionView;
			sourceTree = "<group>";
		};
		D95046F218F01D5400F280F7 /* SDWebImage */ = {
			isa = PBXGroup;
			children = (
				D95046F318F01D5400F280F7 /* LICENSE */,
				D95046F418F01D5400F280F7 /* README.md */,
				D95046F518F01D5400F280F7 /* SDWebImage */,
			);
			path = SDWebImage;
			sourceTree = "<group>";
		};
		D95046F518F01D5400F280F7 /* SDWebImage */ = {
			isa = PBXGroup;
			children = (
				D95046F618F01D5400F280F7 /* MKAnnotationView+WebCache.h */,
				D95046F718F01D5400F280F7 /* MKAnnotationView+WebCache.m */,
				D95046F818F01D5400F280F7 /* NSData+GIF.h */,
				D95046F918F01D5400F280F7 /* NSData+GIF.m */,
				D95046FA18F01D5400F280F7 /* NSData+ImageContentType.h */,
				D95046FB18F01D5400F280F7 /* NSData+ImageContentType.m */,
				D95046FC18F01D5400F280F7 /* SDImageCache.h */,
				D95046FD18F01D5400F280F7 /* SDImageCache.m */,
				D95046FE18F01D5400F280F7 /* SDWebImageCompat.h */,
				D95046FF18F01D5400F280F7 /* SDWebImageCompat.m */,
				D950470018F01D5400F280F7 /* SDWebImageDecoder.h */,
				D950470118F01D5400F280F7 /* SDWebImageDecoder.m */,
				D950470218F01D5400F280F7 /* SDWebImageDownloader.h */,
				D950470318F01D5400F280F7 /* SDWebImageDownloader.m */,
				D950470418F01D5400F280F7 /* SDWebImageDownloaderOperation.h */,
				D950470518F01D5400F280F7 /* SDWebImageDownloaderOperation.m */,
				D950470618F01D5400F280F7 /* SDWebImageManager.h */,
				D950470718F01D5400F280F7 /* SDWebImageManager.m */,
				D950470818F01D5400F280F7 /* SDWebImageOperation.h */,
				D950470918F01D5400F280F7 /* SDWebImagePrefetcher.h */,
				D950470A18F01D5400F280F7 /* SDWebImagePrefetcher.m */,
				D950470B18F01D5400F280F7 /* UIButton+WebCache.h */,
				D950470C18F01D5400F280F7 /* UIButton+WebCache.m */,
				D950470D18F01D5400F280F7 /* UIImage+GIF.h */,
				D950470E18F01D5400F280F7 /* UIImage+GIF.m */,
				D950470F18F01D5400F280F7 /* UIImage+MultiFormat.h */,
				D950471018F01D5400F280F7 /* UIImage+MultiFormat.m */,
				D950471118F01D5400F280F7 /* UIImage+WebP.h */,
				D950471218F01D5400F280F7 /* UIImage+WebP.m */,
				D950471318F01D5400F280F7 /* UIImageView+WebCache.h */,
				D950471418F01D5400F280F7 /* UIImageView+WebCache.m */,
			);
			path = SDWebImage;
			sourceTree = "<group>";
		};
		D950471818F01D5400F280F7 /* Products */ = {
			isa = PBXGroup;
			children = (
				D950474618F01D5400F280F7 /* libMWPhotoBrowser.a */,
			);
			name = Products;
			sourceTree = "<group>";
		};
		D9D4FBCD18F1818000F0DE50 /* root */ = {
			isa = PBXGroup;
			children = (
				B765D53F172E5C0A00973238 /* pravdaViewController.h */,
				B765D540172E5C0A00973238 /* pravdaViewController.m */,
			);
			name = root;
			sourceTree = "<group>";
		};
		D9D4FBCF18F1818800F0DE50 /* detail */ = {
			isa = PBXGroup;
			children = (
				D90B2002172F0319000A1466 /* DetailViewController.h */,
				D90B2003172F0319000A1466 /* DetailViewController.m */,
			);
			name = detail;
			sourceTree = "<group>";
		};
		D9D4FBD018F1819500F0DE50 /* Controller */ = {
			isa = PBXGroup;
			children = (
				D9D4FBD318F181E300F0DE50 /* SWRevealViewController */,
				D9D4FBCD18F1818000F0DE50 /* root */,
				D9D4FBCF18F1818800F0DE50 /* detail */,
				D9D4FBDA18F1823A00F0DE50 /* menu */,
			);
			name = Controller;
			sourceTree = "<group>";
		};
		D9D4FBD118F1819E00F0DE50 /* View */ = {
			isa = PBXGroup;
			children = (
				B765D549172E6D7200973238 /* MyCustomCell.h */,
				B765D54A172E6D7200973238 /* MyCustomCell.m */,
			);
			name = View;
			sourceTree = "<group>";
		};
		D9D4FBD218F181AD00F0DE50 /* Model */ = {
			isa = PBXGroup;
			children = (
				D93E56BF1733D95B006BE11B /* RSSParser */,
				D975CC1318F47ABF005879E5 /* API.h */,
				D975CC1418F47ABF005879E5 /* API.m */,
			);
			name = Model;
			path = ..;
			sourceTree = "<group>";
		};
		D9D4FBD318F181E300F0DE50 /* SWRevealViewController */ = {
			isa = PBXGroup;
			children = (
				D9D4FBD418F181E300F0DE50 /* SWRevealViewController.h */,
				D9D4FBD518F181E300F0DE50 /* SWRevealViewController.m */,
			);
			path = SWRevealViewController;
			sourceTree = "<group>";
		};
		D9D4FBDA18F1823A00F0DE50 /* menu */ = {
			isa = PBXGroup;
			children = (
				D9D4FBD718F1823600F0DE50 /* MenuTableViewController.h */,
				D9D4FBD818F1823600F0DE50 /* MenuTableViewController.m */,
			);
			name = menu;
			sourceTree = "<group>";
		};
/* End PBXGroup section */

/* Begin PBXNativeTarget section */
		B765D520172E5C0A00973238 /* pravda.if.ua */ = {
			isa = PBXNativeTarget;
			buildConfigurationList = B765D544172E5C0A00973238 /* Build configuration list for PBXNativeTarget "pravda.if.ua" */;
			buildPhases = (
				B765D51D172E5C0A00973238 /* Sources */,
				B765D51E172E5C0A00973238 /* Frameworks */,
				B765D51F172E5C0A00973238 /* Resources */,
				D9479AB118F7B75000891BF7 /* ShellScript */,
			);
			buildRules = (
			);
			dependencies = (
			);
			name = pravda.if.ua;
			productName = pravda.if.ua;
			productReference = B765D521172E5C0A00973238 /* Правда.if.ua.app */;
			productType = "com.apple.product-type.application";
		};
/* End PBXNativeTarget section */

/* Begin PBXProject section */
		B765D519172E5C0A00973238 /* Project object */ = {
			isa = PBXProject;
			attributes = {
				CLASSPREFIX = pravda;
				LastUpgradeCheck = 0510;
				ORGANIZATIONNAME = MDG;
				TargetAttributes = {
					B765D520172E5C0A00973238 = {
						DevelopmentTeam = 8HQ7EC5722;
					};
				};
			};
			buildConfigurationList = B765D51C172E5C0A00973238 /* Build configuration list for PBXProject "Правда.if.ua" */;
			compatibilityVersion = "Xcode 3.2";
			developmentRegion = English;
			hasScannedForEncodings = 0;
			knownRegions = (
				en,
			);
			mainGroup = B765D518172E5C0A00973238;
			productRefGroup = B765D522172E5C0A00973238 /* Products */;
			projectDirPath = "";
			projectReferences = (
				{
					ProductGroup = D950471818F01D5400F280F7 /* Products */;
					ProjectRef = D950471718F01D5400F280F7 /* MWPhotoBrowser.xcodeproj */;
				},
			);
			projectRoot = "";
			targets = (
				B765D520172E5C0A00973238 /* pravda.if.ua */,
			);
		};
/* End PBXProject section */

/* Begin PBXReferenceProxy section */
		D950474618F01D5400F280F7 /* libMWPhotoBrowser.a */ = {
			isa = PBXReferenceProxy;
			fileType = archive.ar;
			path = libMWPhotoBrowser.a;
			remoteRef = D950474518F01D5400F280F7 /* PBXContainerItemProxy */;
			sourceTree = BUILT_PRODUCTS_DIR;
		};
/* End PBXReferenceProxy section */

/* Begin PBXResourcesBuildPhase section */
		B765D51F172E5C0A00973238 /* Resources */ = {
			isa = PBXResourcesBuildPhase;
			buildActionMask = 2147483647;
			files = (
				D9189A9918EB421A009BD565 /* pravda@2x.png in Resources */,
				B765D52F172E5C0A00973238 /* InfoPlist.strings in Resources */,
				D9189AA918EB4566009BD565 /* pravda_icon@2x.png in Resources */,
				B765D537172E5C0A00973238 /* Default.png in Resources */,
				D9189A9518EB41E9009BD565 /* Images.xcassets in Resources */,
				B765D539172E5C0A00973238 /* Default@2x.png in Resources */,
				D950474318F01D5400F280F7 /* MWPhotoBrowser.bundle in Resources */,
				D950473318F01D5400F280F7 /* README.md in Resources */,
				B765D53B172E5C0A00973238 /* Default-568h@2x.png in Resources */,
				D9189A9C18EB435A009BD565 /* pravda_spotlight.png in Resources */,
				D950473218F01D5400F280F7 /* LICENSE in Resources */,
				D9189AAB18EB47F0009BD565 /* LunchImageIphone5.png in Resources */,
				B765D53E172E5C0A00973238 /* MainStoryboard.storyboard in Resources */,
				D9189A9818EB421A009BD565 /* pravda.png in Resources */,
				D9189AA818EB4566009BD565 /* pravda_icon.png in Resources */,
				D9189AA318EB4484009BD565 /* pravda_ios7@2x.png in Resources */,
				D950472418F01D5400F280F7 /* README.mdown in Resources */,
				D9189AA518EB44AF009BD565 /* pravda_spotlight_ios7.png in Resources */,
				D9189A9D18EB435A009BD565 /* pravda_spotlight@2x.png in Resources */,
			);
			runOnlyForDeploymentPostprocessing = 0;
		};
/* End PBXResourcesBuildPhase section */

/* Begin PBXShellScriptBuildPhase section */
		D9479AB118F7B75000891BF7 /* ShellScript */ = {
			isa = PBXShellScriptBuildPhase;
			buildActionMask = 2147483647;
			files = (
			);
			inputPaths = (
			);
			outputPaths = (
			);
			runOnlyForDeploymentPostprocessing = 0;
			shellPath = /bin/sh;
			shellScript = "#!/bin/bash\nbuildNumber=$(/usr/libexec/PlistBuddy -c \"Print CFBundleVersion\" \"$INFOPLIST_FILE\")\nbuildNumber=$(0x$buildNumber)|bc\nbuildNumber=`echo $buildNumber +1|bc`\nbuildNumber=$(printf \"%X\" $buildNumber)\n/usr/libexec/PlistBuddy -c \"Set :CFBundleVersion $buildNumber\" \"$INFOPLIST_FILE\"";
		};
/* End PBXShellScriptBuildPhase section */

/* Begin PBXSourcesBuildPhase section */
		B765D51D172E5C0A00973238 /* Sources */ = {
			isa = PBXSourcesBuildPhase;
			buildActionMask = 2147483647;
			files = (
				D9150B2718EFE81800855BC0 /* AFSecurityPolicy.m in Sources */,
				D975CC1518F47ABF005879E5 /* API.m in Sources */,
				D950471E18F01D5400F280F7 /* MWPhotoBrowser.m in Sources */,
				D950471B18F01D5400F280F7 /* MWGridCell.m in Sources */,
				D950473B18F01D5400F280F7 /* SDWebImageDownloaderOperation.m in Sources */,
				D950472718F01D5400F280F7 /* PSTCollectionViewCell.m in Sources */,
				D9150B1C18EFE57C00855BC0 /* AFURLSessionManager.m in Sources */,
				D9150B1918EFE57C00855BC0 /* AFURLConnectionOperation.m in Sources */,
				D950472218F01D5400F280F7 /* DACircularProgressView.m in Sources */,
				D950472B18F01D5400F280F7 /* PSTCollectionViewItemKey.m in Sources */,
				D9150B2318EFE57C00855BC0 /* UIRefreshControl+AFNetworking.m in Sources */,
				D9D4FBD918F1823600F0DE50 /* MenuTableViewController.m in Sources */,
				D9150B2018EFE57C00855BC0 /* UIButton+AFNetworking.m in Sources */,
				D9150B2218EFE57C00855BC0 /* UIProgressView+AFNetworking.m in Sources */,
				D9150B1418EFE57C00855BC0 /* AFHTTPRequestOperation.m in Sources */,
				B765D531172E5C0A00973238 /* main.m in Sources */,
				D9150B1F18EFE57C00855BC0 /* UIAlertView+AFNetworking.m in Sources */,
				D9150B1518EFE57C00855BC0 /* AFHTTPRequestOperationManager.m in Sources */,
				B765D535172E5C0A00973238 /* pravdaAppDelegate.m in Sources */,
				D950473018F01D5400F280F7 /* PSTGridLayoutRow.m in Sources */,
				D950471C18F01D5400F280F7 /* MWGridViewController.m in Sources */,
				B765D541172E5C0A00973238 /* pravdaViewController.m in Sources */,
				D9150B2118EFE57C00855BC0 /* UIImageView+AFNetworking.m in Sources */,
				D950473C18F01D5400F280F7 /* SDWebImageManager.m in Sources */,
				D950472F18F01D5400F280F7 /* PSTGridLayoutItem.m in Sources */,
				D9150B1618EFE57C00855BC0 /* AFHTTPSessionManager.m in Sources */,
				D950474018F01D5400F280F7 /* UIImage+MultiFormat.m in Sources */,
				D950473D18F01D5400F280F7 /* SDWebImagePrefetcher.m in Sources */,
				D950471D18F01D5400F280F7 /* MWPhoto.m in Sources */,
				D950473418F01D5400F280F7 /* MKAnnotationView+WebCache.m in Sources */,
				D950471F18F01D5400F280F7 /* MWTapDetectingImageView.m in Sources */,
				D9150B1E18EFE57C00855BC0 /* UIActivityIndicatorView+AFNetworking.m in Sources */,
				D9150B1D18EFE57C00855BC0 /* AFNetworkActivityIndicatorManager.m in Sources */,
				D950473918F01D5400F280F7 /* SDWebImageDecoder.m in Sources */,
				D950472618F01D5400F280F7 /* PSTCollectionView.m in Sources */,
				B765D54B172E6D7200973238 /* MyCustomCell.m in Sources */,
				D90B2004172F0319000A1466 /* DetailViewController.m in Sources */,
				D950472818F01D5400F280F7 /* PSTCollectionViewController.m in Sources */,
				D950473818F01D5400F280F7 /* SDWebImageCompat.m in Sources */,
				D950473518F01D5400F280F7 /* NSData+GIF.m in Sources */,
				D950473E18F01D5400F280F7 /* UIButton+WebCache.m in Sources */,
				D96CDCD418E9F0A9006B1617 /* RSSParser.m in Sources */,
				D9150B1A18EFE57C00855BC0 /* AFURLRequestSerialization.m in Sources */,
				D9150B1718EFE57C00855BC0 /* AFNetworkReachabilityManager.m in Sources */,
				D950474218F01D5400F280F7 /* UIImageView+WebCache.m in Sources */,
				D950472918F01D5400F280F7 /* PSTCollectionViewData.m in Sources */,
				D950458218F0082100F280F7 /* NSString+HTML.m in Sources */,
				D9150B2418EFE57C00855BC0 /* UIWebView+AFNetworking.m in Sources */,
				D950473A18F01D5400F280F7 /* SDWebImageDownloader.m in Sources */,
				D950474118F01D5400F280F7 /* UIImage+WebP.m in Sources */,
				D9150B1B18EFE57C00855BC0 /* AFURLResponseSerialization.m in Sources */,
				D950473718F01D5400F280F7 /* SDImageCache.m in Sources */,
				D950472018F01D5400F280F7 /* MWTapDetectingView.m in Sources */,
				D950472518F01D5400F280F7 /* NSIndexPath+PSTCollectionViewAdditions.m in Sources */,
				D9D4FBD618F181E300F0DE50 /* SWRevealViewController.m in Sources */,
				D950473118F01D5400F280F7 /* PSTGridLayoutSection.m in Sources */,
				D950473618F01D5400F280F7 /* NSData+ImageContentType.m in Sources */,
				D950472318F01D5400F280F7 /* MBProgressHUD.m in Sources */,
				D950473F18F01D5400F280F7 /* UIImage+GIF.m in Sources */,
				D950471A18F01D5400F280F7 /* MWCaptionView.m in Sources */,
				D950472D18F01D5400F280F7 /* PSTCollectionViewUpdateItem.m in Sources */,
				D950472A18F01D5400F280F7 /* PSTCollectionViewFlowLayout.m in Sources */,
				D950472C18F01D5400F280F7 /* PSTCollectionViewLayout.m in Sources */,
				D96CDCD318E9F0A9006B1617 /* RSSItem.m in Sources */,
				D950472E18F01D5400F280F7 /* PSTGridLayoutInfo.m in Sources */,
				D950458118F0082100F280F7 /* GTMNSString+HTML.m in Sources */,
				D950472118F01D5400F280F7 /* MWZoomingScrollView.m in Sources */,
			);
			runOnlyForDeploymentPostprocessing = 0;
		};
/* End PBXSourcesBuildPhase section */

/* Begin PBXVariantGroup section */
		B765D52D172E5C0A00973238 /* InfoPlist.strings */ = {
			isa = PBXVariantGroup;
			children = (
				B765D52E172E5C0A00973238 /* en */,
			);
			name = InfoPlist.strings;
			sourceTree = "<group>";
		};
		B765D53C172E5C0A00973238 /* MainStoryboard.storyboard */ = {
			isa = PBXVariantGroup;
			children = (
				B765D53D172E5C0A00973238 /* en */,
			);
			name = MainStoryboard.storyboard;
			sourceTree = "<group>";
		};
/* End PBXVariantGroup section */

/* Begin XCBuildConfiguration section */
		B765D542172E5C0A00973238 /* Debug */ = {
			isa = XCBuildConfiguration;
			buildSettings = {
				ALWAYS_SEARCH_USER_PATHS = NO;
				CLANG_CXX_LANGUAGE_STANDARD = "gnu++0x";
				CLANG_CXX_LIBRARY = "libc++";
				CLANG_ENABLE_OBJC_ARC = YES;
				CLANG_WARN_CONSTANT_CONVERSION = YES;
				CLANG_WARN_EMPTY_BODY = YES;
				CLANG_WARN_ENUM_CONVERSION = YES;
				CLANG_WARN_INT_CONVERSION = YES;
				CLANG_WARN__DUPLICATE_METHOD_MATCH = YES;
				CODE_SIGN_IDENTITY = "iPhone Developer: Vadim Maslov (L6EX29X26W)";
				"CODE_SIGN_IDENTITY[sdk=iphoneos*]" = "iPhone Developer: Vadim Maslov (L6EX29X26W)";
				COPY_PHASE_STRIP = NO;
				GCC_C_LANGUAGE_STANDARD = gnu99;
				GCC_DYNAMIC_NO_PIC = NO;
				GCC_OPTIMIZATION_LEVEL = 0;
				GCC_PREPROCESSOR_DEFINITIONS = (
					"DEBUG=1",
					"$(inherited)",
				);
				GCC_SYMBOLS_PRIVATE_EXTERN = NO;
				GCC_WARN_ABOUT_RETURN_TYPE = YES;
				GCC_WARN_UNINITIALIZED_AUTOS = YES;
				GCC_WARN_UNUSED_VARIABLE = YES;
				IPHONEOS_DEPLOYMENT_TARGET = 6.1;
				ONLY_ACTIVE_ARCH = NO;
				PROVISIONING_PROFILE = "AE4D8A60-EE49-4052-8BF0-8A7A9DB2550F";
				SDKROOT = iphoneos;
			};
			name = Debug;
		};
		B765D543172E5C0A00973238 /* Release */ = {
			isa = XCBuildConfiguration;
			buildSettings = {
				ALWAYS_SEARCH_USER_PATHS = NO;
				CLANG_CXX_LANGUAGE_STANDARD = "gnu++0x";
				CLANG_CXX_LIBRARY = "libc++";
				CLANG_ENABLE_OBJC_ARC = YES;
				CLANG_WARN_CONSTANT_CONVERSION = YES;
				CLANG_WARN_EMPTY_BODY = YES;
				CLANG_WARN_ENUM_CONVERSION = YES;
				CLANG_WARN_INT_CONVERSION = YES;
				CLANG_WARN__DUPLICATE_METHOD_MATCH = YES;
				CODE_SIGN_IDENTITY = "iPhone Distribution: Vadym Maslov (8HQ7EC5722)";
				"CODE_SIGN_IDENTITY[sdk=iphoneos*]" = "iPhone Distribution: Vadym Maslov (8HQ7EC5722)";
				COPY_PHASE_STRIP = YES;
				GCC_C_LANGUAGE_STANDARD = gnu99;
				GCC_WARN_ABOUT_RETURN_TYPE = YES;
				GCC_WARN_UNINITIALIZED_AUTOS = YES;
				GCC_WARN_UNUSED_VARIABLE = YES;
				IPHONEOS_DEPLOYMENT_TARGET = 6.1;
				ONLY_ACTIVE_ARCH = NO;
				OTHER_CFLAGS = "-DNS_BLOCK_ASSERTIONS=1";
				PROVISIONING_PROFILE = "015C0CC9-1A24-4902-925F-A6ADCD9C7B24";
				SDKROOT = iphoneos;
				VALIDATE_PRODUCT = YES;
			};
			name = Release;
		};
		B765D545172E5C0A00973238 /* Debug */ = {
			isa = XCBuildConfiguration;
			buildSettings = {
				ALWAYS_SEARCH_USER_PATHS = YES;
				ASSETCATALOG_COMPILER_APPICON_NAME = AppIcon;
				ASSETCATALOG_COMPILER_LAUNCHIMAGE_NAME = LaunchImage;
				CODE_SIGN_IDENTITY = "iPhone Developer: Vadim Maslov (L6EX29X26W)";
				"CODE_SIGN_IDENTITY[sdk=iphoneos*]" = "iPhone Developer: Vadim Maslov (L6EX29X26W)";
				GCC_PRECOMPILE_PREFIX_HEADER = YES;
				GCC_PREFIX_HEADER = "pravda.if.ua/pravda.if.ua-Prefix.pch";
				INFOPLIST_FILE = "pravda.if.ua/pravda.if.ua-Info.plist";
				IPHONEOS_DEPLOYMENT_TARGET = 7.1;
				ONLY_ACTIVE_ARCH = NO;
				PRODUCT_NAME = "Правда.if.ua";
				PROVISIONING_PROFILE = "AE4D8A60-EE49-4052-8BF0-8A7A9DB2550F";
				SUPPORTED_PLATFORMS = "iphonesimulator iphoneos";
				TARGETED_DEVICE_FAMILY = "1,2";
				VALID_ARCHS = "armv7 armv7s";
				WRAPPER_EXTENSION = app;
			};
			name = Debug;
		};
		B765D546172E5C0A00973238 /* Release */ = {
			isa = XCBuildConfiguration;
			buildSettings = {
				ALWAYS_SEARCH_USER_PATHS = YES;
				ASSETCATALOG_COMPILER_APPICON_NAME = AppIcon;
				ASSETCATALOG_COMPILER_LAUNCHIMAGE_NAME = LaunchImage;
				CODE_SIGN_IDENTITY = "iPhone Distribution: Vadym Maslov (8HQ7EC5722)";
				"CODE_SIGN_IDENTITY[sdk=iphoneos*]" = "iPhone Distribution: Vadym Maslov (8HQ7EC5722)";
				GCC_PRECOMPILE_PREFIX_HEADER = YES;
				GCC_PREFIX_HEADER = "pravda.if.ua/pravda.if.ua-Prefix.pch";
				INFOPLIST_FILE = "pravda.if.ua/pravda.if.ua-Info.plist";
				IPHONEOS_DEPLOYMENT_TARGET = 7.1;
				ONLY_ACTIVE_ARCH = NO;
				PRODUCT_NAME = "Правда.if.ua";
				PROVISIONING_PROFILE = "015C0CC9-1A24-4902-925F-A6ADCD9C7B24";
				SUPPORTED_PLATFORMS = "iphonesimulator iphoneos";
				TARGETED_DEVICE_FAMILY = "1,2";
				VALID_ARCHS = "armv7 armv7s";
				WRAPPER_EXTENSION = app;
			};
			name = Release;
		};
/* End XCBuildConfiguration section */

/* Begin XCConfigurationList section */
		B765D51C172E5C0A00973238 /* Build configuration list for PBXProject "Правда.if.ua" */ = {
			isa = XCConfigurationList;
			buildConfigurations = (
				B765D542172E5C0A00973238 /* Debug */,
				B765D543172E5C0A00973238 /* Release */,
			);
			defaultConfigurationIsVisible = 0;
			defaultConfigurationName = Release;
		};
		B765D544172E5C0A00973238 /* Build configuration list for PBXNativeTarget "pravda.if.ua" */ = {
			isa = XCConfigurationList;
			buildConfigurations = (
				B765D545172E5C0A00973238 /* Debug */,
				B765D546172E5C0A00973238 /* Release */,
			);
			defaultConfigurationIsVisible = 0;
			defaultConfigurationName = Release;
		};
/* End XCConfigurationList section */
	};
	rootObject = B765D519172E5C0A00973238 /* Project object */;
}
